
Microsoft Visual Studio Solution File, Format Version 12.00
# Visual Studio Version 16
VisualStudioVersion = 16.0.29306.81
MinimumVisualStudioVersion = 10.0.40219.1
Project("{9A19103F-16F7-4668-BE54-9A1E7A4F7556}") = "Fibula.Scheduling", "Fibula.Scheduling\Fibula.Scheduling.csproj", "{922B02E2-D172-4082-821D-71793BF831C7}"
EndProject
Project("{9A19103F-16F7-4668-BE54-9A1E7A4F7556}") = "Fibula.Scheduling.Contracts", "Fibula.Scheduling.Contracts\Fibula.Scheduling.Contracts.csproj", "{19F8C588-045E-4053-9A40-61FFEEA558E5}"
EndProject
Project("{9A19103F-16F7-4668-BE54-9A1E7A4F7556}") = "Fibula.Scheduling.Tests", "Fibula.Scheduling.Tests\Fibula.Scheduling.Tests.csproj", "{73FABC59-E6D9-416A-AB4F-520628CC057B}"
EndProject
Project("{9A19103F-16F7-4668-BE54-9A1E7A4F7556}") = "Fibula.Common.Utilities", "Fibula.Common.Utilities\Fibula.Common.Utilities.csproj", "{5FDD525B-5B02-4D64-880A-92A149177381}"
EndProject
Project("{9A19103F-16F7-4668-BE54-9A1E7A4F7556}") = "Fibula.Common.TestingUtilities", "Fibula.Common.TestingUtilities\Fibula.Common.TestingUtilities.csproj", "{EDE7092D-6788-4FCC-8D55-5D2D46EDF8F0}"
EndProject
Project("{9A19103F-16F7-4668-BE54-9A1E7A4F7556}") = "Fibula.Communications.Contracts", "Fibula.Communications.Contracts\Fibula.Communications.Contracts.csproj", "{AE67C7E5-3F59-4DAA-ADB2-000E42F1A4FA}"
EndProject
Project("{9A19103F-16F7-4668-BE54-9A1E7A4F7556}") = "Fibula.Communications", "Fibula.Communications\Fibula.Communications.csproj", "{289C8080-E76F-498A-A62F-01C859BC89C3}"
EndProject
Project("{9A19103F-16F7-4668-BE54-9A1E7A4F7556}") = "Fibula.Security.Contracts", "Fibula.Security.Contracts\Fibula.Security.Contracts.csproj", "{6F5916A2-E764-4A3F-A1DC-5F23406C98E6}"
EndProject
Project("{9A19103F-16F7-4668-BE54-9A1E7A4F7556}") = "Fibula.Security", "Fibula.Security\Fibula.Security.csproj", "{62AFA1F8-A5F7-4701-A350-4D84B105A1B0}"
EndProject
Project("{9A19103F-16F7-4668-BE54-9A1E7A4F7556}") = "Fibula.Data.Contracts", "Fibula.Data.Contracts\Fibula.Data.Contracts.csproj", "{46F01E7E-8708-4485-95A1-A19F65DC1168}"
EndProject
Project("{9A19103F-16F7-4668-BE54-9A1E7A4F7556}") = "Fibula.Data.Entities", "Fibula.Data.Entities\Fibula.Data.Entities.csproj", "{86F4E26C-D3AC-4F48-8413-DE7EF52827C4}"
EndProject
Project("{9A19103F-16F7-4668-BE54-9A1E7A4F7556}") = "Fibula.Data.Entities.Contracts", "Fibula.Data.Entities.Contracts\Fibula.Data.Entities.Contracts.csproj", "{78F0FDCF-AC41-4FFF-A0D1-58D1CA0E29A1}"
EndProject
Project("{9A19103F-16F7-4668-BE54-9A1E7A4F7556}") = "Fibula.Data.Repositories", "Fibula.Data.Repositories\Fibula.Data.Repositories.csproj", "{E76AC9C3-4074-4ED4-A680-4FC1F11ACA18}"
EndProject
Project("{9A19103F-16F7-4668-BE54-9A1E7A4F7556}") = "Fibula.Data", "Fibula.Data\Fibula.Data.csproj", "{AF939F39-5C19-4DDF-8FBC-A62391243849}"
EndProject
Project("{9A19103F-16F7-4668-BE54-9A1E7A4F7556}") = "Fibula.Providers.Azure", "Fibula.Providers.Azure\Fibula.Providers.Azure.csproj", "{490C7663-7C2C-452D-AB66-D80EE2C644A9}"
EndProject
Project("{9A19103F-16F7-4668-BE54-9A1E7A4F7556}") = "Fibula.Providers.Contracts", "Fibula.Providers.Contracts\Fibula.Providers.Contracts.csproj", "{D14C3A00-23F0-4ADF-ABBA-1B6D466704EE}"
EndProject
Project("{9A19103F-16F7-4668-BE54-9A1E7A4F7556}") = "Fibula.Data.CosmosDB", "Fibula.Data.CosmosDB\Fibula.Data.CosmosDB.csproj", "{0690D42E-046E-4283-87CC-357E230DCBF3}"
EndProject
Project("{9A19103F-16F7-4668-BE54-9A1E7A4F7556}") = "Fibula.Common", "Fibula.Common\Fibula.Common.csproj", "{1DDA0EA7-6556-4D69-9527-150212ABC359}"
EndProject
Project("{9A19103F-16F7-4668-BE54-9A1E7A4F7556}") = "Fibula.Common.Contracts", "Fibula.Common.Contracts\Fibula.Common.Contracts.csproj", "{3CE9F8B7-2241-45B5-B195-3074192B441C}"
EndProject
Project("{2150E333-8FDC-42A3-9474-1A3956D46DE8}") = "Data", "Data", "{58A9E552-B0E0-4CF8-9DD0-4CD794CD69F5}"
EndProject
Project("{2150E333-8FDC-42A3-9474-1A3956D46DE8}") = "Common", "Common", "{4CA2ED01-2917-4C5F-84B2-49771516CE9A}"
EndProject
Project("{2150E333-8FDC-42A3-9474-1A3956D46DE8}") = "Communications", "Communications", "{E14AD76A-05D8-4760-958F-E05C40F5F20E}"
EndProject
Project("{2150E333-8FDC-42A3-9474-1A3956D46DE8}") = "Scheduling", "Scheduling", "{934014F9-3587-4A72-8CE2-D290390EA2F5}"
EndProject
Project("{2150E333-8FDC-42A3-9474-1A3956D46DE8}") = "Providers", "Providers", "{E095807A-E883-433D-88D9-4F6EA3A7379C}"
EndProject
Project("{2150E333-8FDC-42A3-9474-1A3956D46DE8}") = "Security", "Security", "{06C3FD59-5CF2-477E-AF01-672BE171A718}"
EndProject
Project("{9A19103F-16F7-4668-BE54-9A1E7A4F7556}") = "Fibula.Parsing.Contracts", "Fibula.Parsing.Contracts\Fibula.Parsing.Contracts.csproj", "{9284A5C2-8CF5-4F88-8BCA-E1C8AFA7E8D0}"
EndProject
Project("{9A19103F-16F7-4668-BE54-9A1E7A4F7556}") = "Fibula.Map", "Fibula.Map\Fibula.Map.csproj", "{87219E30-49B7-4BA2-B6CC-3BF598690665}"
EndProject
Project("{9A19103F-16F7-4668-BE54-9A1E7A4F7556}") = "Fibula.Map.SectorFiles", "Fibula.Map.SectorFiles\Fibula.Map.SectorFiles.csproj", "{151F90A0-5E06-4901-99C5-09B64A3ADF9D}"
EndProject
Project("{9A19103F-16F7-4668-BE54-9A1E7A4F7556}") = "Fibula.Items", "Fibula.Items\Fibula.Items.csproj", "{B79D3EEB-6A7A-4891-B25C-1294FDE2A2BF}"
EndProject
Project("{9A19103F-16F7-4668-BE54-9A1E7A4F7556}") = "Fibula.Items.ObjectsFile", "Fibula.Items.ObjectsFile\Fibula.Items.ObjectsFile.csproj", "{382ECB14-6B57-4BE8-92FB-0A80B9600854}"
EndProject
Project("{9A19103F-16F7-4668-BE54-9A1E7A4F7556}") = "Fibula.Map.GrassOnly", "Fibula.Map.GrassOnly\Fibula.Map.GrassOnly.csproj", "{36CC2E87-F1CF-41AA-9F57-507B64239AD3}"
EndProject
Project("{9A19103F-16F7-4668-BE54-9A1E7A4F7556}") = "Fibula.Data.InMemoryDatabase", "Fibula.Data.InMemoryDatabase\Fibula.Data.InMemoryDatabase.csproj", "{3D9930C3-46FB-4267-9044-BDD963CCA6AE}"
EndProject
Project("{9A19103F-16F7-4668-BE54-9A1E7A4F7556}") = "Fibula.Parsing.CipFiles", "Fibula.Parsing.CipFiles\Fibula.Parsing.CipFiles.csproj", "{64896D28-6DF8-416C-8C00-9964DD7D7F19}"
EndProject
Project("{9A19103F-16F7-4668-BE54-9A1E7A4F7556}") = "Fibula.Protocol.V772", "Fibula.Protocol.V772\Fibula.Protocol.V772.csproj", "{62C9083A-E7DA-49BE-960F-77CFBE05E1D2}"
EndProject
Project("{9A19103F-16F7-4668-BE54-9A1E7A4F7556}") = "Fibula.Communications.Packets.Contracts", "Fibula.Communications.Packets.Contracts\Fibula.Communications.Packets.Contracts.csproj", "{4F784A93-E246-4B26-8623-40B199AEF4D3}"
EndProject
Project("{9A19103F-16F7-4668-BE54-9A1E7A4F7556}") = "Fibula.Standalone", "Fibula.Standalone\Fibula.Standalone.csproj", "{1A3E3D10-E174-4F34-ACEE-950CA69388CB}"
EndProject
Project("{2150E333-8FDC-42A3-9474-1A3956D46DE8}") = "Client", "Client", "{9F8614E7-A40F-42AE-8539-F0D7A46388A3}"
EndProject
Project("{9A19103F-16F7-4668-BE54-9A1E7A4F7556}") = "Fibula.Client.Contracts", "Fibula.Client.Contracts\Fibula.Client.Contracts.csproj", "{3D3900CF-95A7-4AB8-B46C-C55F00C05147}"
EndProject
Project("{9A19103F-16F7-4668-BE54-9A1E7A4F7556}") = "Fibula.Communications.Packets", "Fibula.Communications.Packets\Fibula.Communications.Packets.csproj", "{DF764AC5-2FC7-4549-B221-8C0207D23FBC}"
EndProject
Project("{9A19103F-16F7-4668-BE54-9A1E7A4F7556}") = "Fibula.Communications.Tests", "Fibula.Communications.Tests\Fibula.Communications.Tests.csproj", "{EF42A446-84B3-4DE9-87FC-E2EF7A8F75FC}"
EndProject
Project("{9A19103F-16F7-4668-BE54-9A1E7A4F7556}") = "Fibula.Client", "Fibula.Client\Fibula.Client.csproj", "{A6FF447F-1006-4CBC-9D7A-040958D5D1FB}"
EndProject
Project("{9A19103F-16F7-4668-BE54-9A1E7A4F7556}") = "Fibula.Items.Contracts", "Fibula.Items.Contracts\Fibula.Items.Contracts.csproj", "{E3BDCAAB-8502-4D2E-828F-F6BB811D2705}"
EndProject
Project("{9A19103F-16F7-4668-BE54-9A1E7A4F7556}") = "Fibula.Map.Contracts", "Fibula.Map.Contracts\Fibula.Map.Contracts.csproj", "{6935646F-4D26-44B1-B8D0-57BA801F70D9}"
EndProject
Project("{9A19103F-16F7-4668-BE54-9A1E7A4F7556}") = "Fibula.Mechanics.Contracts", "Fibula.Mechanics.Contracts\Fibula.Mechanics.Contracts.csproj", "{E6B93F80-51C6-4198-AD24-9CCF19EC0919}"
EndProject
Project("{9A19103F-16F7-4668-BE54-9A1E7A4F7556}") = "Fibula.Creatures.Contracts", "Fibula.Creatures.Contracts\Fibula.Creatures.Contracts.csproj", "{D82935DC-DC80-4A10-A11D-EE69E12E5252}"
EndProject
Project("{9A19103F-16F7-4668-BE54-9A1E7A4F7556}") = "Fibula.Mechanics", "Fibula.Mechanics\Fibula.Mechanics.csproj", "{733961AA-0543-4AD7-BFAB-2E1C32436055}"
EndProject
Project("{9A19103F-16F7-4668-BE54-9A1E7A4F7556}") = "Fibula.Creatures", "Fibula.Creatures\Fibula.Creatures.csproj", "{53FC94ED-6366-44FB-8E74-003DC292C919}"
EndProject
Project("{2150E333-8FDC-42A3-9474-1A3956D46DE8}") = "Map", "Map", "{F3236ACB-905D-464F-AF6C-9411BA0602D7}"
EndProject
Project("{2150E333-8FDC-42A3-9474-1A3956D46DE8}") = "Items", "Items", "{75DA5406-F485-4A78-929A-B7D2EAAD76EC}"
EndProject
Project("{2150E333-8FDC-42A3-9474-1A3956D46DE8}") = "Parsing", "Parsing", "{397972D6-14D2-41A7-9DD4-755CFBA7E017}"
EndProject
Project("{2150E333-8FDC-42A3-9474-1A3956D46DE8}") = "Creatures", "Creatures", "{9A57D82F-2B2E-4AB4-94A9-A2A4897AFF1D}"
EndProject
Project("{9A19103F-16F7-4668-BE54-9A1E7A4F7556}") = "Fibula.Security.Tests", "Fibula.Security.Tests\Fibula.Security.Tests.csproj", "{8D3A9833-E6E0-418A-B4B0-22E9F1D7E1DB}"
EndProject
Project("{2150E333-8FDC-42A3-9474-1A3956D46DE8}") = "Protocols", "Protocols", "{04FF5661-8991-4206-B3FA-E5C0607D40E6}"
EndProject
Project("{2150E333-8FDC-42A3-9474-1A3956D46DE8}") = "Mechanics", "Mechanics", "{B86072F1-AD65-43C2-A63C-3D7A642A8F24}"
EndProject
Project("{9A19103F-16F7-4668-BE54-9A1E7A4F7556}") = "Fibula.Communications.Packets.Tests", "Fibula.Communications.Packets.Tests\Fibula.Communications.Packets.Tests.csproj", "{B3D594FB-5EA2-4247-9CD6-2EAF4D90DD30}"
EndProject
Project("{9A19103F-16F7-4668-BE54-9A1E7A4F7556}") = "Fibula.Mechanics.PathFinding.AStar", "Fibula.Mechanics.PathFinding.AStar\Fibula.Mechanics.PathFinding.AStar.csproj", "{30B4A8C4-BD13-4D74-BB1F-B308AFBD5926}"
EndProject
Project("{9A19103F-16F7-4668-BE54-9A1E7A4F7556}") = "Fibula.Creatures.MonFiles", "Fibula.Creatures.MonFiles\Fibula.Creatures.MonFiles.csproj", "{29C2053C-959A-48BA-9E38-D7AA0BD82F54}"
EndProject
Project("{9A19103F-16F7-4668-BE54-9A1E7A4F7556}") = "Fibula.Creatures.MonstersDbFile", "Fibula.Creatures.MonstersDbFile\Fibula.Creatures.MonstersDbFile.csproj", "{9EC2B736-9590-4461-981F-6AFD5D10757D}"
EndProject
Global
	GlobalSection(SolutionConfigurationPlatforms) = preSolution
		Debug|Any CPU = Debug|Any CPU
		Debug|x64 = Debug|x64
		Release|Any CPU = Release|Any CPU
		Release|x64 = Release|x64
	EndGlobalSection
	GlobalSection(ProjectConfigurationPlatforms) = postSolution
		{922B02E2-D172-4082-821D-71793BF831C7}.Debug|Any CPU.ActiveCfg = Debug|Any CPU
		{922B02E2-D172-4082-821D-71793BF831C7}.Debug|Any CPU.Build.0 = Debug|Any CPU
		{922B02E2-D172-4082-821D-71793BF831C7}.Debug|x64.ActiveCfg = Debug|Any CPU
		{922B02E2-D172-4082-821D-71793BF831C7}.Debug|x64.Build.0 = Debug|Any CPU
		{922B02E2-D172-4082-821D-71793BF831C7}.Release|Any CPU.ActiveCfg = Release|Any CPU
		{922B02E2-D172-4082-821D-71793BF831C7}.Release|Any CPU.Build.0 = Release|Any CPU
		{922B02E2-D172-4082-821D-71793BF831C7}.Release|x64.ActiveCfg = Release|Any CPU
		{922B02E2-D172-4082-821D-71793BF831C7}.Release|x64.Build.0 = Release|Any CPU
		{19F8C588-045E-4053-9A40-61FFEEA558E5}.Debug|Any CPU.ActiveCfg = Debug|Any CPU
		{19F8C588-045E-4053-9A40-61FFEEA558E5}.Debug|Any CPU.Build.0 = Debug|Any CPU
		{19F8C588-045E-4053-9A40-61FFEEA558E5}.Debug|x64.ActiveCfg = Debug|Any CPU
		{19F8C588-045E-4053-9A40-61FFEEA558E5}.Debug|x64.Build.0 = Debug|Any CPU
		{19F8C588-045E-4053-9A40-61FFEEA558E5}.Release|Any CPU.ActiveCfg = Release|Any CPU
		{19F8C588-045E-4053-9A40-61FFEEA558E5}.Release|Any CPU.Build.0 = Release|Any CPU
		{19F8C588-045E-4053-9A40-61FFEEA558E5}.Release|x64.ActiveCfg = Release|Any CPU
		{19F8C588-045E-4053-9A40-61FFEEA558E5}.Release|x64.Build.0 = Release|Any CPU
		{73FABC59-E6D9-416A-AB4F-520628CC057B}.Debug|Any CPU.ActiveCfg = Debug|Any CPU
		{73FABC59-E6D9-416A-AB4F-520628CC057B}.Debug|Any CPU.Build.0 = Debug|Any CPU
		{73FABC59-E6D9-416A-AB4F-520628CC057B}.Debug|x64.ActiveCfg = Debug|Any CPU
		{73FABC59-E6D9-416A-AB4F-520628CC057B}.Debug|x64.Build.0 = Debug|Any CPU
		{73FABC59-E6D9-416A-AB4F-520628CC057B}.Release|Any CPU.ActiveCfg = Release|Any CPU
		{73FABC59-E6D9-416A-AB4F-520628CC057B}.Release|Any CPU.Build.0 = Release|Any CPU
		{73FABC59-E6D9-416A-AB4F-520628CC057B}.Release|x64.ActiveCfg = Release|Any CPU
		{73FABC59-E6D9-416A-AB4F-520628CC057B}.Release|x64.Build.0 = Release|Any CPU
		{5FDD525B-5B02-4D64-880A-92A149177381}.Debug|Any CPU.ActiveCfg = Debug|Any CPU
		{5FDD525B-5B02-4D64-880A-92A149177381}.Debug|Any CPU.Build.0 = Debug|Any CPU
		{5FDD525B-5B02-4D64-880A-92A149177381}.Debug|x64.ActiveCfg = Debug|Any CPU
		{5FDD525B-5B02-4D64-880A-92A149177381}.Debug|x64.Build.0 = Debug|Any CPU
		{5FDD525B-5B02-4D64-880A-92A149177381}.Release|Any CPU.ActiveCfg = Release|Any CPU
		{5FDD525B-5B02-4D64-880A-92A149177381}.Release|Any CPU.Build.0 = Release|Any CPU
		{5FDD525B-5B02-4D64-880A-92A149177381}.Release|x64.ActiveCfg = Release|Any CPU
		{5FDD525B-5B02-4D64-880A-92A149177381}.Release|x64.Build.0 = Release|Any CPU
		{EDE7092D-6788-4FCC-8D55-5D2D46EDF8F0}.Debug|Any CPU.ActiveCfg = Debug|Any CPU
		{EDE7092D-6788-4FCC-8D55-5D2D46EDF8F0}.Debug|Any CPU.Build.0 = Debug|Any CPU
		{EDE7092D-6788-4FCC-8D55-5D2D46EDF8F0}.Debug|x64.ActiveCfg = Debug|Any CPU
		{EDE7092D-6788-4FCC-8D55-5D2D46EDF8F0}.Debug|x64.Build.0 = Debug|Any CPU
		{EDE7092D-6788-4FCC-8D55-5D2D46EDF8F0}.Release|Any CPU.ActiveCfg = Release|Any CPU
		{EDE7092D-6788-4FCC-8D55-5D2D46EDF8F0}.Release|Any CPU.Build.0 = Release|Any CPU
		{EDE7092D-6788-4FCC-8D55-5D2D46EDF8F0}.Release|x64.ActiveCfg = Release|Any CPU
		{EDE7092D-6788-4FCC-8D55-5D2D46EDF8F0}.Release|x64.Build.0 = Release|Any CPU
		{AE67C7E5-3F59-4DAA-ADB2-000E42F1A4FA}.Debug|Any CPU.ActiveCfg = Debug|Any CPU
		{AE67C7E5-3F59-4DAA-ADB2-000E42F1A4FA}.Debug|Any CPU.Build.0 = Debug|Any CPU
		{AE67C7E5-3F59-4DAA-ADB2-000E42F1A4FA}.Debug|x64.ActiveCfg = Debug|Any CPU
		{AE67C7E5-3F59-4DAA-ADB2-000E42F1A4FA}.Debug|x64.Build.0 = Debug|Any CPU
		{AE67C7E5-3F59-4DAA-ADB2-000E42F1A4FA}.Release|Any CPU.ActiveCfg = Release|Any CPU
		{AE67C7E5-3F59-4DAA-ADB2-000E42F1A4FA}.Release|Any CPU.Build.0 = Release|Any CPU
		{AE67C7E5-3F59-4DAA-ADB2-000E42F1A4FA}.Release|x64.ActiveCfg = Release|Any CPU
		{AE67C7E5-3F59-4DAA-ADB2-000E42F1A4FA}.Release|x64.Build.0 = Release|Any CPU
		{289C8080-E76F-498A-A62F-01C859BC89C3}.Debug|Any CPU.ActiveCfg = Debug|Any CPU
		{289C8080-E76F-498A-A62F-01C859BC89C3}.Debug|Any CPU.Build.0 = Debug|Any CPU
		{289C8080-E76F-498A-A62F-01C859BC89C3}.Debug|x64.ActiveCfg = Debug|Any CPU
		{289C8080-E76F-498A-A62F-01C859BC89C3}.Debug|x64.Build.0 = Debug|Any CPU
		{289C8080-E76F-498A-A62F-01C859BC89C3}.Release|Any CPU.ActiveCfg = Release|Any CPU
		{289C8080-E76F-498A-A62F-01C859BC89C3}.Release|Any CPU.Build.0 = Release|Any CPU
		{289C8080-E76F-498A-A62F-01C859BC89C3}.Release|x64.ActiveCfg = Release|Any CPU
		{289C8080-E76F-498A-A62F-01C859BC89C3}.Release|x64.Build.0 = Release|Any CPU
		{6F5916A2-E764-4A3F-A1DC-5F23406C98E6}.Debug|Any CPU.ActiveCfg = Debug|Any CPU
		{6F5916A2-E764-4A3F-A1DC-5F23406C98E6}.Debug|Any CPU.Build.0 = Debug|Any CPU
		{6F5916A2-E764-4A3F-A1DC-5F23406C98E6}.Debug|x64.ActiveCfg = Debug|Any CPU
		{6F5916A2-E764-4A3F-A1DC-5F23406C98E6}.Debug|x64.Build.0 = Debug|Any CPU
		{6F5916A2-E764-4A3F-A1DC-5F23406C98E6}.Release|Any CPU.ActiveCfg = Release|Any CPU
		{6F5916A2-E764-4A3F-A1DC-5F23406C98E6}.Release|Any CPU.Build.0 = Release|Any CPU
		{6F5916A2-E764-4A3F-A1DC-5F23406C98E6}.Release|x64.ActiveCfg = Release|Any CPU
		{6F5916A2-E764-4A3F-A1DC-5F23406C98E6}.Release|x64.Build.0 = Release|Any CPU
		{62AFA1F8-A5F7-4701-A350-4D84B105A1B0}.Debug|Any CPU.ActiveCfg = Debug|Any CPU
		{62AFA1F8-A5F7-4701-A350-4D84B105A1B0}.Debug|Any CPU.Build.0 = Debug|Any CPU
		{62AFA1F8-A5F7-4701-A350-4D84B105A1B0}.Debug|x64.ActiveCfg = Debug|Any CPU
		{62AFA1F8-A5F7-4701-A350-4D84B105A1B0}.Debug|x64.Build.0 = Debug|Any CPU
		{62AFA1F8-A5F7-4701-A350-4D84B105A1B0}.Release|Any CPU.ActiveCfg = Release|Any CPU
		{62AFA1F8-A5F7-4701-A350-4D84B105A1B0}.Release|Any CPU.Build.0 = Release|Any CPU
		{62AFA1F8-A5F7-4701-A350-4D84B105A1B0}.Release|x64.ActiveCfg = Release|Any CPU
		{62AFA1F8-A5F7-4701-A350-4D84B105A1B0}.Release|x64.Build.0 = Release|Any CPU
		{46F01E7E-8708-4485-95A1-A19F65DC1168}.Debug|Any CPU.ActiveCfg = Debug|Any CPU
		{46F01E7E-8708-4485-95A1-A19F65DC1168}.Debug|Any CPU.Build.0 = Debug|Any CPU
		{46F01E7E-8708-4485-95A1-A19F65DC1168}.Debug|x64.ActiveCfg = Debug|Any CPU
		{46F01E7E-8708-4485-95A1-A19F65DC1168}.Debug|x64.Build.0 = Debug|Any CPU
		{46F01E7E-8708-4485-95A1-A19F65DC1168}.Release|Any CPU.ActiveCfg = Release|Any CPU
		{46F01E7E-8708-4485-95A1-A19F65DC1168}.Release|Any CPU.Build.0 = Release|Any CPU
		{46F01E7E-8708-4485-95A1-A19F65DC1168}.Release|x64.ActiveCfg = Release|Any CPU
		{46F01E7E-8708-4485-95A1-A19F65DC1168}.Release|x64.Build.0 = Release|Any CPU
		{86F4E26C-D3AC-4F48-8413-DE7EF52827C4}.Debug|Any CPU.ActiveCfg = Debug|Any CPU
		{86F4E26C-D3AC-4F48-8413-DE7EF52827C4}.Debug|Any CPU.Build.0 = Debug|Any CPU
		{86F4E26C-D3AC-4F48-8413-DE7EF52827C4}.Debug|x64.ActiveCfg = Debug|Any CPU
		{86F4E26C-D3AC-4F48-8413-DE7EF52827C4}.Debug|x64.Build.0 = Debug|Any CPU
		{86F4E26C-D3AC-4F48-8413-DE7EF52827C4}.Release|Any CPU.ActiveCfg = Release|Any CPU
		{86F4E26C-D3AC-4F48-8413-DE7EF52827C4}.Release|Any CPU.Build.0 = Release|Any CPU
		{86F4E26C-D3AC-4F48-8413-DE7EF52827C4}.Release|x64.ActiveCfg = Release|Any CPU
		{86F4E26C-D3AC-4F48-8413-DE7EF52827C4}.Release|x64.Build.0 = Release|Any CPU
		{78F0FDCF-AC41-4FFF-A0D1-58D1CA0E29A1}.Debug|Any CPU.ActiveCfg = Debug|Any CPU
		{78F0FDCF-AC41-4FFF-A0D1-58D1CA0E29A1}.Debug|Any CPU.Build.0 = Debug|Any CPU
		{78F0FDCF-AC41-4FFF-A0D1-58D1CA0E29A1}.Debug|x64.ActiveCfg = Debug|Any CPU
		{78F0FDCF-AC41-4FFF-A0D1-58D1CA0E29A1}.Debug|x64.Build.0 = Debug|Any CPU
		{78F0FDCF-AC41-4FFF-A0D1-58D1CA0E29A1}.Release|Any CPU.ActiveCfg = Release|Any CPU
		{78F0FDCF-AC41-4FFF-A0D1-58D1CA0E29A1}.Release|Any CPU.Build.0 = Release|Any CPU
		{78F0FDCF-AC41-4FFF-A0D1-58D1CA0E29A1}.Release|x64.ActiveCfg = Release|Any CPU
		{78F0FDCF-AC41-4FFF-A0D1-58D1CA0E29A1}.Release|x64.Build.0 = Release|Any CPU
		{E76AC9C3-4074-4ED4-A680-4FC1F11ACA18}.Debug|Any CPU.ActiveCfg = Debug|Any CPU
		{E76AC9C3-4074-4ED4-A680-4FC1F11ACA18}.Debug|Any CPU.Build.0 = Debug|Any CPU
		{E76AC9C3-4074-4ED4-A680-4FC1F11ACA18}.Debug|x64.ActiveCfg = Debug|Any CPU
		{E76AC9C3-4074-4ED4-A680-4FC1F11ACA18}.Debug|x64.Build.0 = Debug|Any CPU
		{E76AC9C3-4074-4ED4-A680-4FC1F11ACA18}.Release|Any CPU.ActiveCfg = Release|Any CPU
		{E76AC9C3-4074-4ED4-A680-4FC1F11ACA18}.Release|Any CPU.Build.0 = Release|Any CPU
		{E76AC9C3-4074-4ED4-A680-4FC1F11ACA18}.Release|x64.ActiveCfg = Release|Any CPU
		{E76AC9C3-4074-4ED4-A680-4FC1F11ACA18}.Release|x64.Build.0 = Release|Any CPU
		{AF939F39-5C19-4DDF-8FBC-A62391243849}.Debug|Any CPU.ActiveCfg = Debug|Any CPU
		{AF939F39-5C19-4DDF-8FBC-A62391243849}.Debug|Any CPU.Build.0 = Debug|Any CPU
		{AF939F39-5C19-4DDF-8FBC-A62391243849}.Debug|x64.ActiveCfg = Debug|Any CPU
		{AF939F39-5C19-4DDF-8FBC-A62391243849}.Debug|x64.Build.0 = Debug|Any CPU
		{AF939F39-5C19-4DDF-8FBC-A62391243849}.Release|Any CPU.ActiveCfg = Release|Any CPU
		{AF939F39-5C19-4DDF-8FBC-A62391243849}.Release|Any CPU.Build.0 = Release|Any CPU
		{AF939F39-5C19-4DDF-8FBC-A62391243849}.Release|x64.ActiveCfg = Release|Any CPU
		{AF939F39-5C19-4DDF-8FBC-A62391243849}.Release|x64.Build.0 = Release|Any CPU
		{490C7663-7C2C-452D-AB66-D80EE2C644A9}.Debug|Any CPU.ActiveCfg = Debug|Any CPU
		{490C7663-7C2C-452D-AB66-D80EE2C644A9}.Debug|Any CPU.Build.0 = Debug|Any CPU
		{490C7663-7C2C-452D-AB66-D80EE2C644A9}.Debug|x64.ActiveCfg = Debug|Any CPU
		{490C7663-7C2C-452D-AB66-D80EE2C644A9}.Debug|x64.Build.0 = Debug|Any CPU
		{490C7663-7C2C-452D-AB66-D80EE2C644A9}.Release|Any CPU.ActiveCfg = Release|Any CPU
		{490C7663-7C2C-452D-AB66-D80EE2C644A9}.Release|Any CPU.Build.0 = Release|Any CPU
		{490C7663-7C2C-452D-AB66-D80EE2C644A9}.Release|x64.ActiveCfg = Release|Any CPU
		{490C7663-7C2C-452D-AB66-D80EE2C644A9}.Release|x64.Build.0 = Release|Any CPU
		{D14C3A00-23F0-4ADF-ABBA-1B6D466704EE}.Debug|Any CPU.ActiveCfg = Debug|Any CPU
		{D14C3A00-23F0-4ADF-ABBA-1B6D466704EE}.Debug|Any CPU.Build.0 = Debug|Any CPU
		{D14C3A00-23F0-4ADF-ABBA-1B6D466704EE}.Debug|x64.ActiveCfg = Debug|Any CPU
		{D14C3A00-23F0-4ADF-ABBA-1B6D466704EE}.Debug|x64.Build.0 = Debug|Any CPU
		{D14C3A00-23F0-4ADF-ABBA-1B6D466704EE}.Release|Any CPU.ActiveCfg = Release|Any CPU
		{D14C3A00-23F0-4ADF-ABBA-1B6D466704EE}.Release|Any CPU.Build.0 = Release|Any CPU
		{D14C3A00-23F0-4ADF-ABBA-1B6D466704EE}.Release|x64.ActiveCfg = Release|Any CPU
		{D14C3A00-23F0-4ADF-ABBA-1B6D466704EE}.Release|x64.Build.0 = Release|Any CPU
		{0690D42E-046E-4283-87CC-357E230DCBF3}.Debug|Any CPU.ActiveCfg = Debug|Any CPU
		{0690D42E-046E-4283-87CC-357E230DCBF3}.Debug|Any CPU.Build.0 = Debug|Any CPU
		{0690D42E-046E-4283-87CC-357E230DCBF3}.Debug|x64.ActiveCfg = Debug|Any CPU
		{0690D42E-046E-4283-87CC-357E230DCBF3}.Debug|x64.Build.0 = Debug|Any CPU
		{0690D42E-046E-4283-87CC-357E230DCBF3}.Release|Any CPU.ActiveCfg = Release|Any CPU
		{0690D42E-046E-4283-87CC-357E230DCBF3}.Release|Any CPU.Build.0 = Release|Any CPU
		{0690D42E-046E-4283-87CC-357E230DCBF3}.Release|x64.ActiveCfg = Release|Any CPU
		{0690D42E-046E-4283-87CC-357E230DCBF3}.Release|x64.Build.0 = Release|Any CPU
		{1DDA0EA7-6556-4D69-9527-150212ABC359}.Debug|Any CPU.ActiveCfg = Debug|Any CPU
		{1DDA0EA7-6556-4D69-9527-150212ABC359}.Debug|Any CPU.Build.0 = Debug|Any CPU
		{1DDA0EA7-6556-4D69-9527-150212ABC359}.Debug|x64.ActiveCfg = Debug|Any CPU
		{1DDA0EA7-6556-4D69-9527-150212ABC359}.Debug|x64.Build.0 = Debug|Any CPU
		{1DDA0EA7-6556-4D69-9527-150212ABC359}.Release|Any CPU.ActiveCfg = Release|Any CPU
		{1DDA0EA7-6556-4D69-9527-150212ABC359}.Release|Any CPU.Build.0 = Release|Any CPU
		{1DDA0EA7-6556-4D69-9527-150212ABC359}.Release|x64.ActiveCfg = Release|Any CPU
		{1DDA0EA7-6556-4D69-9527-150212ABC359}.Release|x64.Build.0 = Release|Any CPU
		{3CE9F8B7-2241-45B5-B195-3074192B441C}.Debug|Any CPU.ActiveCfg = Debug|Any CPU
		{3CE9F8B7-2241-45B5-B195-3074192B441C}.Debug|Any CPU.Build.0 = Debug|Any CPU
		{3CE9F8B7-2241-45B5-B195-3074192B441C}.Debug|x64.ActiveCfg = Debug|Any CPU
		{3CE9F8B7-2241-45B5-B195-3074192B441C}.Debug|x64.Build.0 = Debug|Any CPU
		{3CE9F8B7-2241-45B5-B195-3074192B441C}.Release|Any CPU.ActiveCfg = Release|Any CPU
		{3CE9F8B7-2241-45B5-B195-3074192B441C}.Release|Any CPU.Build.0 = Release|Any CPU
		{3CE9F8B7-2241-45B5-B195-3074192B441C}.Release|x64.ActiveCfg = Release|Any CPU
		{3CE9F8B7-2241-45B5-B195-3074192B441C}.Release|x64.Build.0 = Release|Any CPU
		{9284A5C2-8CF5-4F88-8BCA-E1C8AFA7E8D0}.Debug|Any CPU.ActiveCfg = Debug|Any CPU
		{9284A5C2-8CF5-4F88-8BCA-E1C8AFA7E8D0}.Debug|Any CPU.Build.0 = Debug|Any CPU
		{9284A5C2-8CF5-4F88-8BCA-E1C8AFA7E8D0}.Debug|x64.ActiveCfg = Debug|Any CPU
		{9284A5C2-8CF5-4F88-8BCA-E1C8AFA7E8D0}.Debug|x64.Build.0 = Debug|Any CPU
		{9284A5C2-8CF5-4F88-8BCA-E1C8AFA7E8D0}.Release|Any CPU.ActiveCfg = Release|Any CPU
		{9284A5C2-8CF5-4F88-8BCA-E1C8AFA7E8D0}.Release|Any CPU.Build.0 = Release|Any CPU
		{9284A5C2-8CF5-4F88-8BCA-E1C8AFA7E8D0}.Release|x64.ActiveCfg = Release|Any CPU
		{9284A5C2-8CF5-4F88-8BCA-E1C8AFA7E8D0}.Release|x64.Build.0 = Release|Any CPU
		{87219E30-49B7-4BA2-B6CC-3BF598690665}.Debug|Any CPU.ActiveCfg = Debug|Any CPU
		{87219E30-49B7-4BA2-B6CC-3BF598690665}.Debug|Any CPU.Build.0 = Debug|Any CPU
		{87219E30-49B7-4BA2-B6CC-3BF598690665}.Debug|x64.ActiveCfg = Debug|Any CPU
		{87219E30-49B7-4BA2-B6CC-3BF598690665}.Debug|x64.Build.0 = Debug|Any CPU
		{87219E30-49B7-4BA2-B6CC-3BF598690665}.Release|Any CPU.ActiveCfg = Release|Any CPU
		{87219E30-49B7-4BA2-B6CC-3BF598690665}.Release|Any CPU.Build.0 = Release|Any CPU
		{87219E30-49B7-4BA2-B6CC-3BF598690665}.Release|x64.ActiveCfg = Release|Any CPU
		{87219E30-49B7-4BA2-B6CC-3BF598690665}.Release|x64.Build.0 = Release|Any CPU
		{151F90A0-5E06-4901-99C5-09B64A3ADF9D}.Debug|Any CPU.ActiveCfg = Debug|Any CPU
		{151F90A0-5E06-4901-99C5-09B64A3ADF9D}.Debug|Any CPU.Build.0 = Debug|Any CPU
		{151F90A0-5E06-4901-99C5-09B64A3ADF9D}.Debug|x64.ActiveCfg = Debug|Any CPU
		{151F90A0-5E06-4901-99C5-09B64A3ADF9D}.Debug|x64.Build.0 = Debug|Any CPU
		{151F90A0-5E06-4901-99C5-09B64A3ADF9D}.Release|Any CPU.ActiveCfg = Release|Any CPU
		{151F90A0-5E06-4901-99C5-09B64A3ADF9D}.Release|Any CPU.Build.0 = Release|Any CPU
		{151F90A0-5E06-4901-99C5-09B64A3ADF9D}.Release|x64.ActiveCfg = Release|Any CPU
		{151F90A0-5E06-4901-99C5-09B64A3ADF9D}.Release|x64.Build.0 = Release|Any CPU
		{B79D3EEB-6A7A-4891-B25C-1294FDE2A2BF}.Debug|Any CPU.ActiveCfg = Debug|Any CPU
		{B79D3EEB-6A7A-4891-B25C-1294FDE2A2BF}.Debug|Any CPU.Build.0 = Debug|Any CPU
		{B79D3EEB-6A7A-4891-B25C-1294FDE2A2BF}.Debug|x64.ActiveCfg = Debug|Any CPU
		{B79D3EEB-6A7A-4891-B25C-1294FDE2A2BF}.Debug|x64.Build.0 = Debug|Any CPU
		{B79D3EEB-6A7A-4891-B25C-1294FDE2A2BF}.Release|Any CPU.ActiveCfg = Release|Any CPU
		{B79D3EEB-6A7A-4891-B25C-1294FDE2A2BF}.Release|Any CPU.Build.0 = Release|Any CPU
		{B79D3EEB-6A7A-4891-B25C-1294FDE2A2BF}.Release|x64.ActiveCfg = Release|Any CPU
		{B79D3EEB-6A7A-4891-B25C-1294FDE2A2BF}.Release|x64.Build.0 = Release|Any CPU
		{382ECB14-6B57-4BE8-92FB-0A80B9600854}.Debug|Any CPU.ActiveCfg = Debug|Any CPU
		{382ECB14-6B57-4BE8-92FB-0A80B9600854}.Debug|Any CPU.Build.0 = Debug|Any CPU
		{382ECB14-6B57-4BE8-92FB-0A80B9600854}.Debug|x64.ActiveCfg = Debug|Any CPU
		{382ECB14-6B57-4BE8-92FB-0A80B9600854}.Debug|x64.Build.0 = Debug|Any CPU
		{382ECB14-6B57-4BE8-92FB-0A80B9600854}.Release|Any CPU.ActiveCfg = Release|Any CPU
		{382ECB14-6B57-4BE8-92FB-0A80B9600854}.Release|Any CPU.Build.0 = Release|Any CPU
		{382ECB14-6B57-4BE8-92FB-0A80B9600854}.Release|x64.ActiveCfg = Release|Any CPU
		{382ECB14-6B57-4BE8-92FB-0A80B9600854}.Release|x64.Build.0 = Release|Any CPU
		{36CC2E87-F1CF-41AA-9F57-507B64239AD3}.Debug|Any CPU.ActiveCfg = Debug|Any CPU
		{36CC2E87-F1CF-41AA-9F57-507B64239AD3}.Debug|Any CPU.Build.0 = Debug|Any CPU
		{36CC2E87-F1CF-41AA-9F57-507B64239AD3}.Debug|x64.ActiveCfg = Debug|Any CPU
		{36CC2E87-F1CF-41AA-9F57-507B64239AD3}.Debug|x64.Build.0 = Debug|Any CPU
		{36CC2E87-F1CF-41AA-9F57-507B64239AD3}.Release|Any CPU.ActiveCfg = Release|Any CPU
		{36CC2E87-F1CF-41AA-9F57-507B64239AD3}.Release|Any CPU.Build.0 = Release|Any CPU
		{36CC2E87-F1CF-41AA-9F57-507B64239AD3}.Release|x64.ActiveCfg = Release|Any CPU
		{36CC2E87-F1CF-41AA-9F57-507B64239AD3}.Release|x64.Build.0 = Release|Any CPU
		{3D9930C3-46FB-4267-9044-BDD963CCA6AE}.Debug|Any CPU.ActiveCfg = Debug|Any CPU
		{3D9930C3-46FB-4267-9044-BDD963CCA6AE}.Debug|Any CPU.Build.0 = Debug|Any CPU
		{3D9930C3-46FB-4267-9044-BDD963CCA6AE}.Debug|x64.ActiveCfg = Debug|Any CPU
		{3D9930C3-46FB-4267-9044-BDD963CCA6AE}.Debug|x64.Build.0 = Debug|Any CPU
		{3D9930C3-46FB-4267-9044-BDD963CCA6AE}.Release|Any CPU.ActiveCfg = Release|Any CPU
		{3D9930C3-46FB-4267-9044-BDD963CCA6AE}.Release|Any CPU.Build.0 = Release|Any CPU
		{3D9930C3-46FB-4267-9044-BDD963CCA6AE}.Release|x64.ActiveCfg = Release|Any CPU
		{3D9930C3-46FB-4267-9044-BDD963CCA6AE}.Release|x64.Build.0 = Release|Any CPU
		{64896D28-6DF8-416C-8C00-9964DD7D7F19}.Debug|Any CPU.ActiveCfg = Debug|Any CPU
		{64896D28-6DF8-416C-8C00-9964DD7D7F19}.Debug|Any CPU.Build.0 = Debug|Any CPU
		{64896D28-6DF8-416C-8C00-9964DD7D7F19}.Debug|x64.ActiveCfg = Debug|Any CPU
		{64896D28-6DF8-416C-8C00-9964DD7D7F19}.Debug|x64.Build.0 = Debug|Any CPU
		{64896D28-6DF8-416C-8C00-9964DD7D7F19}.Release|Any CPU.ActiveCfg = Release|Any CPU
		{64896D28-6DF8-416C-8C00-9964DD7D7F19}.Release|Any CPU.Build.0 = Release|Any CPU
		{64896D28-6DF8-416C-8C00-9964DD7D7F19}.Release|x64.ActiveCfg = Release|Any CPU
		{64896D28-6DF8-416C-8C00-9964DD7D7F19}.Release|x64.Build.0 = Release|Any CPU
		{62C9083A-E7DA-49BE-960F-77CFBE05E1D2}.Debug|Any CPU.ActiveCfg = Debug|Any CPU
		{62C9083A-E7DA-49BE-960F-77CFBE05E1D2}.Debug|Any CPU.Build.0 = Debug|Any CPU
		{62C9083A-E7DA-49BE-960F-77CFBE05E1D2}.Debug|x64.ActiveCfg = Debug|Any CPU
		{62C9083A-E7DA-49BE-960F-77CFBE05E1D2}.Debug|x64.Build.0 = Debug|Any CPU
		{62C9083A-E7DA-49BE-960F-77CFBE05E1D2}.Release|Any CPU.ActiveCfg = Release|Any CPU
		{62C9083A-E7DA-49BE-960F-77CFBE05E1D2}.Release|Any CPU.Build.0 = Release|Any CPU
		{62C9083A-E7DA-49BE-960F-77CFBE05E1D2}.Release|x64.ActiveCfg = Release|Any CPU
		{62C9083A-E7DA-49BE-960F-77CFBE05E1D2}.Release|x64.Build.0 = Release|Any CPU
		{4F784A93-E246-4B26-8623-40B199AEF4D3}.Debug|Any CPU.ActiveCfg = Debug|Any CPU
		{4F784A93-E246-4B26-8623-40B199AEF4D3}.Debug|Any CPU.Build.0 = Debug|Any CPU
		{4F784A93-E246-4B26-8623-40B199AEF4D3}.Debug|x64.ActiveCfg = Debug|Any CPU
		{4F784A93-E246-4B26-8623-40B199AEF4D3}.Debug|x64.Build.0 = Debug|Any CPU
		{4F784A93-E246-4B26-8623-40B199AEF4D3}.Release|Any CPU.ActiveCfg = Release|Any CPU
		{4F784A93-E246-4B26-8623-40B199AEF4D3}.Release|Any CPU.Build.0 = Release|Any CPU
		{4F784A93-E246-4B26-8623-40B199AEF4D3}.Release|x64.ActiveCfg = Release|Any CPU
		{4F784A93-E246-4B26-8623-40B199AEF4D3}.Release|x64.Build.0 = Release|Any CPU
		{1A3E3D10-E174-4F34-ACEE-950CA69388CB}.Debug|Any CPU.ActiveCfg = Debug|Any CPU
		{1A3E3D10-E174-4F34-ACEE-950CA69388CB}.Debug|Any CPU.Build.0 = Debug|Any CPU
		{1A3E3D10-E174-4F34-ACEE-950CA69388CB}.Debug|x64.ActiveCfg = Debug|Any CPU
		{1A3E3D10-E174-4F34-ACEE-950CA69388CB}.Debug|x64.Build.0 = Debug|Any CPU
		{1A3E3D10-E174-4F34-ACEE-950CA69388CB}.Release|Any CPU.ActiveCfg = Release|Any CPU
		{1A3E3D10-E174-4F34-ACEE-950CA69388CB}.Release|Any CPU.Build.0 = Release|Any CPU
		{1A3E3D10-E174-4F34-ACEE-950CA69388CB}.Release|x64.ActiveCfg = Release|Any CPU
		{1A3E3D10-E174-4F34-ACEE-950CA69388CB}.Release|x64.Build.0 = Release|Any CPU
		{3D3900CF-95A7-4AB8-B46C-C55F00C05147}.Debug|Any CPU.ActiveCfg = Debug|Any CPU
		{3D3900CF-95A7-4AB8-B46C-C55F00C05147}.Debug|Any CPU.Build.0 = Debug|Any CPU
		{3D3900CF-95A7-4AB8-B46C-C55F00C05147}.Debug|x64.ActiveCfg = Debug|Any CPU
		{3D3900CF-95A7-4AB8-B46C-C55F00C05147}.Debug|x64.Build.0 = Debug|Any CPU
		{3D3900CF-95A7-4AB8-B46C-C55F00C05147}.Release|Any CPU.ActiveCfg = Release|Any CPU
		{3D3900CF-95A7-4AB8-B46C-C55F00C05147}.Release|Any CPU.Build.0 = Release|Any CPU
		{3D3900CF-95A7-4AB8-B46C-C55F00C05147}.Release|x64.ActiveCfg = Release|Any CPU
		{3D3900CF-95A7-4AB8-B46C-C55F00C05147}.Release|x64.Build.0 = Release|Any CPU
		{DF764AC5-2FC7-4549-B221-8C0207D23FBC}.Debug|Any CPU.ActiveCfg = Debug|Any CPU
		{DF764AC5-2FC7-4549-B221-8C0207D23FBC}.Debug|Any CPU.Build.0 = Debug|Any CPU
		{DF764AC5-2FC7-4549-B221-8C0207D23FBC}.Debug|x64.ActiveCfg = Debug|Any CPU
		{DF764AC5-2FC7-4549-B221-8C0207D23FBC}.Debug|x64.Build.0 = Debug|Any CPU
		{DF764AC5-2FC7-4549-B221-8C0207D23FBC}.Release|Any CPU.ActiveCfg = Release|Any CPU
		{DF764AC5-2FC7-4549-B221-8C0207D23FBC}.Release|Any CPU.Build.0 = Release|Any CPU
		{DF764AC5-2FC7-4549-B221-8C0207D23FBC}.Release|x64.ActiveCfg = Release|Any CPU
		{DF764AC5-2FC7-4549-B221-8C0207D23FBC}.Release|x64.Build.0 = Release|Any CPU
		{EF42A446-84B3-4DE9-87FC-E2EF7A8F75FC}.Debug|Any CPU.ActiveCfg = Debug|Any CPU
		{EF42A446-84B3-4DE9-87FC-E2EF7A8F75FC}.Debug|Any CPU.Build.0 = Debug|Any CPU
		{EF42A446-84B3-4DE9-87FC-E2EF7A8F75FC}.Debug|x64.ActiveCfg = Debug|Any CPU
		{EF42A446-84B3-4DE9-87FC-E2EF7A8F75FC}.Debug|x64.Build.0 = Debug|Any CPU
		{EF42A446-84B3-4DE9-87FC-E2EF7A8F75FC}.Release|Any CPU.ActiveCfg = Release|Any CPU
		{EF42A446-84B3-4DE9-87FC-E2EF7A8F75FC}.Release|Any CPU.Build.0 = Release|Any CPU
		{EF42A446-84B3-4DE9-87FC-E2EF7A8F75FC}.Release|x64.ActiveCfg = Release|Any CPU
		{EF42A446-84B3-4DE9-87FC-E2EF7A8F75FC}.Release|x64.Build.0 = Release|Any CPU
		{A6FF447F-1006-4CBC-9D7A-040958D5D1FB}.Debug|Any CPU.ActiveCfg = Debug|Any CPU
		{A6FF447F-1006-4CBC-9D7A-040958D5D1FB}.Debug|Any CPU.Build.0 = Debug|Any CPU
		{A6FF447F-1006-4CBC-9D7A-040958D5D1FB}.Debug|x64.ActiveCfg = Debug|Any CPU
		{A6FF447F-1006-4CBC-9D7A-040958D5D1FB}.Debug|x64.Build.0 = Debug|Any CPU
		{A6FF447F-1006-4CBC-9D7A-040958D5D1FB}.Release|Any CPU.ActiveCfg = Release|Any CPU
		{A6FF447F-1006-4CBC-9D7A-040958D5D1FB}.Release|Any CPU.Build.0 = Release|Any CPU
		{A6FF447F-1006-4CBC-9D7A-040958D5D1FB}.Release|x64.ActiveCfg = Release|Any CPU
		{A6FF447F-1006-4CBC-9D7A-040958D5D1FB}.Release|x64.Build.0 = Release|Any CPU
		{E3BDCAAB-8502-4D2E-828F-F6BB811D2705}.Debug|Any CPU.ActiveCfg = Debug|Any CPU
		{E3BDCAAB-8502-4D2E-828F-F6BB811D2705}.Debug|Any CPU.Build.0 = Debug|Any CPU
		{E3BDCAAB-8502-4D2E-828F-F6BB811D2705}.Debug|x64.ActiveCfg = Debug|Any CPU
		{E3BDCAAB-8502-4D2E-828F-F6BB811D2705}.Debug|x64.Build.0 = Debug|Any CPU
		{E3BDCAAB-8502-4D2E-828F-F6BB811D2705}.Release|Any CPU.ActiveCfg = Release|Any CPU
		{E3BDCAAB-8502-4D2E-828F-F6BB811D2705}.Release|Any CPU.Build.0 = Release|Any CPU
		{E3BDCAAB-8502-4D2E-828F-F6BB811D2705}.Release|x64.ActiveCfg = Release|Any CPU
		{E3BDCAAB-8502-4D2E-828F-F6BB811D2705}.Release|x64.Build.0 = Release|Any CPU
		{6935646F-4D26-44B1-B8D0-57BA801F70D9}.Debug|Any CPU.ActiveCfg = Debug|Any CPU
		{6935646F-4D26-44B1-B8D0-57BA801F70D9}.Debug|Any CPU.Build.0 = Debug|Any CPU
		{6935646F-4D26-44B1-B8D0-57BA801F70D9}.Debug|x64.ActiveCfg = Debug|Any CPU
		{6935646F-4D26-44B1-B8D0-57BA801F70D9}.Debug|x64.Build.0 = Debug|Any CPU
		{6935646F-4D26-44B1-B8D0-57BA801F70D9}.Release|Any CPU.ActiveCfg = Release|Any CPU
		{6935646F-4D26-44B1-B8D0-57BA801F70D9}.Release|Any CPU.Build.0 = Release|Any CPU
		{6935646F-4D26-44B1-B8D0-57BA801F70D9}.Release|x64.ActiveCfg = Release|Any CPU
		{6935646F-4D26-44B1-B8D0-57BA801F70D9}.Release|x64.Build.0 = Release|Any CPU
		{E6B93F80-51C6-4198-AD24-9CCF19EC0919}.Debug|Any CPU.ActiveCfg = Debug|Any CPU
		{E6B93F80-51C6-4198-AD24-9CCF19EC0919}.Debug|Any CPU.Build.0 = Debug|Any CPU
		{E6B93F80-51C6-4198-AD24-9CCF19EC0919}.Debug|x64.ActiveCfg = Debug|Any CPU
		{E6B93F80-51C6-4198-AD24-9CCF19EC0919}.Debug|x64.Build.0 = Debug|Any CPU
		{E6B93F80-51C6-4198-AD24-9CCF19EC0919}.Release|Any CPU.ActiveCfg = Release|Any CPU
		{E6B93F80-51C6-4198-AD24-9CCF19EC0919}.Release|Any CPU.Build.0 = Release|Any CPU
		{E6B93F80-51C6-4198-AD24-9CCF19EC0919}.Release|x64.ActiveCfg = Release|Any CPU
		{E6B93F80-51C6-4198-AD24-9CCF19EC0919}.Release|x64.Build.0 = Release|Any CPU
		{D82935DC-DC80-4A10-A11D-EE69E12E5252}.Debug|Any CPU.ActiveCfg = Debug|Any CPU
		{D82935DC-DC80-4A10-A11D-EE69E12E5252}.Debug|Any CPU.Build.0 = Debug|Any CPU
		{D82935DC-DC80-4A10-A11D-EE69E12E5252}.Debug|x64.ActiveCfg = Debug|Any CPU
		{D82935DC-DC80-4A10-A11D-EE69E12E5252}.Debug|x64.Build.0 = Debug|Any CPU
		{D82935DC-DC80-4A10-A11D-EE69E12E5252}.Release|Any CPU.ActiveCfg = Release|Any CPU
		{D82935DC-DC80-4A10-A11D-EE69E12E5252}.Release|Any CPU.Build.0 = Release|Any CPU
		{D82935DC-DC80-4A10-A11D-EE69E12E5252}.Release|x64.ActiveCfg = Release|Any CPU
		{D82935DC-DC80-4A10-A11D-EE69E12E5252}.Release|x64.Build.0 = Release|Any CPU
		{733961AA-0543-4AD7-BFAB-2E1C32436055}.Debug|Any CPU.ActiveCfg = Debug|Any CPU
		{733961AA-0543-4AD7-BFAB-2E1C32436055}.Debug|Any CPU.Build.0 = Debug|Any CPU
		{733961AA-0543-4AD7-BFAB-2E1C32436055}.Debug|x64.ActiveCfg = Debug|Any CPU
		{733961AA-0543-4AD7-BFAB-2E1C32436055}.Debug|x64.Build.0 = Debug|Any CPU
		{733961AA-0543-4AD7-BFAB-2E1C32436055}.Release|Any CPU.ActiveCfg = Release|Any CPU
		{733961AA-0543-4AD7-BFAB-2E1C32436055}.Release|Any CPU.Build.0 = Release|Any CPU
		{733961AA-0543-4AD7-BFAB-2E1C32436055}.Release|x64.ActiveCfg = Release|Any CPU
		{733961AA-0543-4AD7-BFAB-2E1C32436055}.Release|x64.Build.0 = Release|Any CPU
		{53FC94ED-6366-44FB-8E74-003DC292C919}.Debug|Any CPU.ActiveCfg = Debug|Any CPU
		{53FC94ED-6366-44FB-8E74-003DC292C919}.Debug|Any CPU.Build.0 = Debug|Any CPU
		{53FC94ED-6366-44FB-8E74-003DC292C919}.Debug|x64.ActiveCfg = Debug|Any CPU
		{53FC94ED-6366-44FB-8E74-003DC292C919}.Debug|x64.Build.0 = Debug|Any CPU
		{53FC94ED-6366-44FB-8E74-003DC292C919}.Release|Any CPU.ActiveCfg = Release|Any CPU
		{53FC94ED-6366-44FB-8E74-003DC292C919}.Release|Any CPU.Build.0 = Release|Any CPU
		{53FC94ED-6366-44FB-8E74-003DC292C919}.Release|x64.ActiveCfg = Release|Any CPU
		{53FC94ED-6366-44FB-8E74-003DC292C919}.Release|x64.Build.0 = Release|Any CPU
		{8D3A9833-E6E0-418A-B4B0-22E9F1D7E1DB}.Debug|Any CPU.ActiveCfg = Debug|Any CPU
		{8D3A9833-E6E0-418A-B4B0-22E9F1D7E1DB}.Debug|Any CPU.Build.0 = Debug|Any CPU
		{8D3A9833-E6E0-418A-B4B0-22E9F1D7E1DB}.Debug|x64.ActiveCfg = Debug|Any CPU
		{8D3A9833-E6E0-418A-B4B0-22E9F1D7E1DB}.Debug|x64.Build.0 = Debug|Any CPU
		{8D3A9833-E6E0-418A-B4B0-22E9F1D7E1DB}.Release|Any CPU.ActiveCfg = Release|Any CPU
		{8D3A9833-E6E0-418A-B4B0-22E9F1D7E1DB}.Release|Any CPU.Build.0 = Release|Any CPU
		{8D3A9833-E6E0-418A-B4B0-22E9F1D7E1DB}.Release|x64.ActiveCfg = Release|Any CPU
		{8D3A9833-E6E0-418A-B4B0-22E9F1D7E1DB}.Release|x64.Build.0 = Release|Any CPU
		{B3D594FB-5EA2-4247-9CD6-2EAF4D90DD30}.Debug|Any CPU.ActiveCfg = Debug|Any CPU
		{B3D594FB-5EA2-4247-9CD6-2EAF4D90DD30}.Debug|Any CPU.Build.0 = Debug|Any CPU
		{B3D594FB-5EA2-4247-9CD6-2EAF4D90DD30}.Debug|x64.ActiveCfg = Debug|Any CPU
		{B3D594FB-5EA2-4247-9CD6-2EAF4D90DD30}.Debug|x64.Build.0 = Debug|Any CPU
		{B3D594FB-5EA2-4247-9CD6-2EAF4D90DD30}.Release|Any CPU.ActiveCfg = Release|Any CPU
		{B3D594FB-5EA2-4247-9CD6-2EAF4D90DD30}.Release|Any CPU.Build.0 = Release|Any CPU
		{B3D594FB-5EA2-4247-9CD6-2EAF4D90DD30}.Release|x64.ActiveCfg = Release|Any CPU
		{B3D594FB-5EA2-4247-9CD6-2EAF4D90DD30}.Release|x64.Build.0 = Release|Any CPU
		{30B4A8C4-BD13-4D74-BB1F-B308AFBD5926}.Debug|Any CPU.ActiveCfg = Debug|Any CPU
		{30B4A8C4-BD13-4D74-BB1F-B308AFBD5926}.Debug|Any CPU.Build.0 = Debug|Any CPU
		{30B4A8C4-BD13-4D74-BB1F-B308AFBD5926}.Debug|x64.ActiveCfg = Debug|Any CPU
		{30B4A8C4-BD13-4D74-BB1F-B308AFBD5926}.Debug|x64.Build.0 = Debug|Any CPU
		{30B4A8C4-BD13-4D74-BB1F-B308AFBD5926}.Release|Any CPU.ActiveCfg = Release|Any CPU
		{30B4A8C4-BD13-4D74-BB1F-B308AFBD5926}.Release|Any CPU.Build.0 = Release|Any CPU
		{30B4A8C4-BD13-4D74-BB1F-B308AFBD5926}.Release|x64.ActiveCfg = Release|Any CPU
		{30B4A8C4-BD13-4D74-BB1F-B308AFBD5926}.Release|x64.Build.0 = Release|Any CPU
		{29C2053C-959A-48BA-9E38-D7AA0BD82F54}.Debug|Any CPU.ActiveCfg = Debug|Any CPU
		{29C2053C-959A-48BA-9E38-D7AA0BD82F54}.Debug|Any CPU.Build.0 = Debug|Any CPU
		{29C2053C-959A-48BA-9E38-D7AA0BD82F54}.Debug|x64.ActiveCfg = Debug|Any CPU
		{29C2053C-959A-48BA-9E38-D7AA0BD82F54}.Debug|x64.Build.0 = Debug|Any CPU
		{29C2053C-959A-48BA-9E38-D7AA0BD82F54}.Release|Any CPU.ActiveCfg = Release|Any CPU
		{29C2053C-959A-48BA-9E38-D7AA0BD82F54}.Release|Any CPU.Build.0 = Release|Any CPU
		{29C2053C-959A-48BA-9E38-D7AA0BD82F54}.Release|x64.ActiveCfg = Release|Any CPU
		{29C2053C-959A-48BA-9E38-D7AA0BD82F54}.Release|x64.Build.0 = Release|Any CPU
		{9EC2B736-9590-4461-981F-6AFD5D10757D}.Debug|Any CPU.ActiveCfg = Debug|Any CPU
		{9EC2B736-9590-4461-981F-6AFD5D10757D}.Debug|Any CPU.Build.0 = Debug|Any CPU
		{9EC2B736-9590-4461-981F-6AFD5D10757D}.Debug|x64.ActiveCfg = Debug|Any CPU
		{9EC2B736-9590-4461-981F-6AFD5D10757D}.Debug|x64.Build.0 = Debug|Any CPU
		{9EC2B736-9590-4461-981F-6AFD5D10757D}.Release|Any CPU.ActiveCfg = Release|Any CPU
		{9EC2B736-9590-4461-981F-6AFD5D10757D}.Release|Any CPU.Build.0 = Release|Any CPU
		{9EC2B736-9590-4461-981F-6AFD5D10757D}.Release|x64.ActiveCfg = Release|Any CPU
		{9EC2B736-9590-4461-981F-6AFD5D10757D}.Release|x64.Build.0 = Release|Any CPU
	EndGlobalSection
	GlobalSection(SolutionProperties) = preSolution
		HideSolutionNode = FALSE
	EndGlobalSection
	GlobalSection(NestedProjects) = preSolution
		{922B02E2-D172-4082-821D-71793BF831C7} = {934014F9-3587-4A72-8CE2-D290390EA2F5}
		{19F8C588-045E-4053-9A40-61FFEEA558E5} = {934014F9-3587-4A72-8CE2-D290390EA2F5}
		{73FABC59-E6D9-416A-AB4F-520628CC057B} = {934014F9-3587-4A72-8CE2-D290390EA2F5}
		{5FDD525B-5B02-4D64-880A-92A149177381} = {4CA2ED01-2917-4C5F-84B2-49771516CE9A}
		{EDE7092D-6788-4FCC-8D55-5D2D46EDF8F0} = {4CA2ED01-2917-4C5F-84B2-49771516CE9A}
		{AE67C7E5-3F59-4DAA-ADB2-000E42F1A4FA} = {E14AD76A-05D8-4760-958F-E05C40F5F20E}
		{289C8080-E76F-498A-A62F-01C859BC89C3} = {E14AD76A-05D8-4760-958F-E05C40F5F20E}
		{6F5916A2-E764-4A3F-A1DC-5F23406C98E6} = {06C3FD59-5CF2-477E-AF01-672BE171A718}
		{62AFA1F8-A5F7-4701-A350-4D84B105A1B0} = {06C3FD59-5CF2-477E-AF01-672BE171A718}
		{46F01E7E-8708-4485-95A1-A19F65DC1168} = {58A9E552-B0E0-4CF8-9DD0-4CD794CD69F5}
		{86F4E26C-D3AC-4F48-8413-DE7EF52827C4} = {58A9E552-B0E0-4CF8-9DD0-4CD794CD69F5}
		{78F0FDCF-AC41-4FFF-A0D1-58D1CA0E29A1} = {58A9E552-B0E0-4CF8-9DD0-4CD794CD69F5}
		{E76AC9C3-4074-4ED4-A680-4FC1F11ACA18} = {58A9E552-B0E0-4CF8-9DD0-4CD794CD69F5}
		{AF939F39-5C19-4DDF-8FBC-A62391243849} = {58A9E552-B0E0-4CF8-9DD0-4CD794CD69F5}
		{490C7663-7C2C-452D-AB66-D80EE2C644A9} = {E095807A-E883-433D-88D9-4F6EA3A7379C}
		{D14C3A00-23F0-4ADF-ABBA-1B6D466704EE} = {E095807A-E883-433D-88D9-4F6EA3A7379C}
		{0690D42E-046E-4283-87CC-357E230DCBF3} = {58A9E552-B0E0-4CF8-9DD0-4CD794CD69F5}
		{1DDA0EA7-6556-4D69-9527-150212ABC359} = {4CA2ED01-2917-4C5F-84B2-49771516CE9A}
		{3CE9F8B7-2241-45B5-B195-3074192B441C} = {4CA2ED01-2917-4C5F-84B2-49771516CE9A}
		{9284A5C2-8CF5-4F88-8BCA-E1C8AFA7E8D0} = {397972D6-14D2-41A7-9DD4-755CFBA7E017}
		{87219E30-49B7-4BA2-B6CC-3BF598690665} = {F3236ACB-905D-464F-AF6C-9411BA0602D7}
		{151F90A0-5E06-4901-99C5-09B64A3ADF9D} = {F3236ACB-905D-464F-AF6C-9411BA0602D7}
		{B79D3EEB-6A7A-4891-B25C-1294FDE2A2BF} = {75DA5406-F485-4A78-929A-B7D2EAAD76EC}
		{382ECB14-6B57-4BE8-92FB-0A80B9600854} = {75DA5406-F485-4A78-929A-B7D2EAAD76EC}
		{36CC2E87-F1CF-41AA-9F57-507B64239AD3} = {F3236ACB-905D-464F-AF6C-9411BA0602D7}
		{3D9930C3-46FB-4267-9044-BDD963CCA6AE} = {58A9E552-B0E0-4CF8-9DD0-4CD794CD69F5}
		{64896D28-6DF8-416C-8C00-9964DD7D7F19} = {397972D6-14D2-41A7-9DD4-755CFBA7E017}
		{62C9083A-E7DA-49BE-960F-77CFBE05E1D2} = {04FF5661-8991-4206-B3FA-E5C0607D40E6}
		{4F784A93-E246-4B26-8623-40B199AEF4D3} = {E14AD76A-05D8-4760-958F-E05C40F5F20E}
		{3D3900CF-95A7-4AB8-B46C-C55F00C05147} = {9F8614E7-A40F-42AE-8539-F0D7A46388A3}
		{DF764AC5-2FC7-4549-B221-8C0207D23FBC} = {E14AD76A-05D8-4760-958F-E05C40F5F20E}
		{EF42A446-84B3-4DE9-87FC-E2EF7A8F75FC} = {E14AD76A-05D8-4760-958F-E05C40F5F20E}
		{A6FF447F-1006-4CBC-9D7A-040958D5D1FB} = {9F8614E7-A40F-42AE-8539-F0D7A46388A3}
		{E3BDCAAB-8502-4D2E-828F-F6BB811D2705} = {75DA5406-F485-4A78-929A-B7D2EAAD76EC}
		{6935646F-4D26-44B1-B8D0-57BA801F70D9} = {F3236ACB-905D-464F-AF6C-9411BA0602D7}
		{E6B93F80-51C6-4198-AD24-9CCF19EC0919} = {B86072F1-AD65-43C2-A63C-3D7A642A8F24}
		{D82935DC-DC80-4A10-A11D-EE69E12E5252} = {9A57D82F-2B2E-4AB4-94A9-A2A4897AFF1D}
		{733961AA-0543-4AD7-BFAB-2E1C32436055} = {B86072F1-AD65-43C2-A63C-3D7A642A8F24}
		{53FC94ED-6366-44FB-8E74-003DC292C919} = {9A57D82F-2B2E-4AB4-94A9-A2A4897AFF1D}
		{8D3A9833-E6E0-418A-B4B0-22E9F1D7E1DB} = {06C3FD59-5CF2-477E-AF01-672BE171A718}
		{B3D594FB-5EA2-4247-9CD6-2EAF4D90DD30} = {E14AD76A-05D8-4760-958F-E05C40F5F20E}
		{30B4A8C4-BD13-4D74-BB1F-B308AFBD5926} = {B86072F1-AD65-43C2-A63C-3D7A642A8F24}
		{29C2053C-959A-48BA-9E38-D7AA0BD82F54} = {9A57D82F-2B2E-4AB4-94A9-A2A4897AFF1D}
		{9EC2B736-9590-4461-981F-6AFD5D10757D} = {9A57D82F-2B2E-4AB4-94A9-A2A4897AFF1D}
	EndGlobalSection
	GlobalSection(ExtensibilityGlobals) = postSolution
		SolutionGuid = {4198A479-8EF8-4C3D-BCC7-702B747E6EE4}
	EndGlobalSection
EndGlobal
