
Microsoft Visual Studio Solution File, Format Version 12.00
# Visual Studio Version 16
VisualStudioVersion = 16.0.29306.81
MinimumVisualStudioVersion = 10.0.40219.1
Project("{9A19103F-16F7-4668-BE54-9A1E7A4F7556}") = "OpenTibia.Server.Standalone", "OpenTibia.Server.Standalone\OpenTibia.Server.Standalone.csproj", "{09C8B3A3-0032-484A-82A7-22ED12E5F230}"
EndProject
Project("{9A19103F-16F7-4668-BE54-9A1E7A4F7556}") = "OpenTibia.Scheduling.Contracts", "OpenTibia.Scheduling.Contracts\OpenTibia.Scheduling.Contracts.csproj", "{19F8C588-045E-4053-9A40-61FFEEA558E5}"
EndProject
Project("{9A19103F-16F7-4668-BE54-9A1E7A4F7556}") = "OpenTibia.Scheduling", "OpenTibia.Scheduling\OpenTibia.Scheduling.csproj", "{922B02E2-D172-4082-821D-71793BF831C7}"
EndProject
Project("{9A19103F-16F7-4668-BE54-9A1E7A4F7556}") = "OpenTibia.Scheduling.Tests", "OpenTibia.Scheduling.Tests\OpenTibia.Scheduling.Tests.csproj", "{73FABC59-E6D9-416A-AB4F-520628CC057B}"
EndProject
Project("{9A19103F-16F7-4668-BE54-9A1E7A4F7556}") = "OpenTibia.Common.Utilities.Testing", "OpenTibia.Common.Utilities.Testing\OpenTibia.Common.Utilities.Testing.csproj", "{EDE7092D-6788-4FCC-8D55-5D2D46EDF8F0}"
EndProject
Project("{9A19103F-16F7-4668-BE54-9A1E7A4F7556}") = "OpenTibia.Communications.Contracts", "OpenTibia.Communications.Contracts\OpenTibia.Communications.Contracts.csproj", "{AE67C7E5-3F59-4DAA-ADB2-000E42F1A4FA}"
EndProject
Project("{9A19103F-16F7-4668-BE54-9A1E7A4F7556}") = "OpenTibia.Communications", "OpenTibia.Communications\OpenTibia.Communications.csproj", "{289C8080-E76F-498A-A62F-01C859BC89C3}"
EndProject
Project("{9A19103F-16F7-4668-BE54-9A1E7A4F7556}") = "OpenTibia.Security.Contracts", "OpenTibia.Security.Contracts\OpenTibia.Security.Contracts.csproj", "{6F5916A2-E764-4A3F-A1DC-5F23406C98E6}"
EndProject
Project("{9A19103F-16F7-4668-BE54-9A1E7A4F7556}") = "OpenTibia.Security", "OpenTibia.Security\OpenTibia.Security.csproj", "{62AFA1F8-A5F7-4701-A350-4D84B105A1B0}"
EndProject
Project("{9A19103F-16F7-4668-BE54-9A1E7A4F7556}") = "OpenTibia.Common.Utilities", "OpenTibia.Common.Utilities\OpenTibia.Common.Utilities.csproj", "{5FDD525B-5B02-4D64-880A-92A149177381}"
EndProject
Project("{9A19103F-16F7-4668-BE54-9A1E7A4F7556}") = "OpenTibia.Server.Contracts", "OpenTibia.Server.Contracts\OpenTibia.Server.Contracts.csproj", "{1EB8C142-23D1-4156-A84F-01116AB202C3}"
EndProject
Project("{9A19103F-16F7-4668-BE54-9A1E7A4F7556}") = "OpenTibia.Communications.Handlers", "OpenTibia.Communications.Handlers\OpenTibia.Communications.Handlers.csproj", "{1E6A45AE-7884-476F-8E6F-BF1791405C2C}"
EndProject
Project("{9A19103F-16F7-4668-BE54-9A1E7A4F7556}") = "OpenTibia.Communications.Packets.Contracts", "OpenTibia.Communications.Packets.Contracts\OpenTibia.Communications.Packets.Contracts.csproj", "{553DF016-2FA2-4B8D-8379-9C8C02107831}"
EndProject
Project("{9A19103F-16F7-4668-BE54-9A1E7A4F7556}") = "OpenTibia.Communications.Packets", "OpenTibia.Communications.Packets\OpenTibia.Communications.Packets.csproj", "{3D7E2298-3DC6-4609-8FD9-A2759BCF7A23}"
EndProject
Project("{9A19103F-16F7-4668-BE54-9A1E7A4F7556}") = "OpenTibia.Data.Contracts", "OpenTibia.Data.Contracts\OpenTibia.Data.Contracts.csproj", "{46F01E7E-8708-4485-95A1-A19F65DC1168}"
EndProject
Project("{9A19103F-16F7-4668-BE54-9A1E7A4F7556}") = "OpenTibia.Data.Entities", "OpenTibia.Data.Entities\OpenTibia.Data.Entities.csproj", "{86F4E26C-D3AC-4F48-8413-DE7EF52827C4}"
EndProject
Project("{9A19103F-16F7-4668-BE54-9A1E7A4F7556}") = "OpenTibia.Data.Entities.Contracts", "OpenTibia.Data.Entities.Contracts\OpenTibia.Data.Entities.Contracts.csproj", "{78F0FDCF-AC41-4FFF-A0D1-58D1CA0E29A1}"
EndProject
Project("{9A19103F-16F7-4668-BE54-9A1E7A4F7556}") = "OpenTibia.Data.Repositories", "OpenTibia.Data.Repositories\OpenTibia.Data.Repositories.csproj", "{E76AC9C3-4074-4ED4-A680-4FC1F11ACA18}"
EndProject
Project("{9A19103F-16F7-4668-BE54-9A1E7A4F7556}") = "OpenTibia.Data", "OpenTibia.Data\OpenTibia.Data.csproj", "{AF939F39-5C19-4DDF-8FBC-A62391243849}"
EndProject
Project("{9A19103F-16F7-4668-BE54-9A1E7A4F7556}") = "OpenTibia.Providers.Azure", "OpenTibia.Providers.Azure\OpenTibia.Providers.Azure.csproj", "{490C7663-7C2C-452D-AB66-D80EE2C644A9}"
EndProject
Project("{9A19103F-16F7-4668-BE54-9A1E7A4F7556}") = "OpenTibia.Providers.Contracts", "OpenTibia.Providers.Contracts\OpenTibia.Providers.Contracts.csproj", "{D14C3A00-23F0-4ADF-ABBA-1B6D466704EE}"
EndProject
Project("{9A19103F-16F7-4668-BE54-9A1E7A4F7556}") = "OpenTibia.Data.CosmosDB", "OpenTibia.Data.CosmosDB\OpenTibia.Data.CosmosDB.csproj", "{0690D42E-046E-4283-87CC-357E230DCBF3}"
EndProject
Project("{9A19103F-16F7-4668-BE54-9A1E7A4F7556}") = "OpenTibia.Common", "OpenTibia.Common\OpenTibia.Common.csproj", "{1DDA0EA7-6556-4D69-9527-150212ABC359}"
EndProject
Project("{9A19103F-16F7-4668-BE54-9A1E7A4F7556}") = "OpenTibia.Common.Contracts", "OpenTibia.Common.Contracts\OpenTibia.Common.Contracts.csproj", "{3CE9F8B7-2241-45B5-B195-3074192B441C}"
EndProject
Project("{2150E333-8FDC-42A3-9474-1A3956D46DE8}") = "Data", "Data", "{58A9E552-B0E0-4CF8-9DD0-4CD794CD69F5}"
EndProject
Project("{2150E333-8FDC-42A3-9474-1A3956D46DE8}") = "Common", "Common", "{4CA2ED01-2917-4C5F-84B2-49771516CE9A}"
EndProject
Project("{2150E333-8FDC-42A3-9474-1A3956D46DE8}") = "Communications", "Communications", "{E14AD76A-05D8-4760-958F-E05C40F5F20E}"
EndProject
Project("{2150E333-8FDC-42A3-9474-1A3956D46DE8}") = "Scheduling", "Scheduling", "{934014F9-3587-4A72-8CE2-D290390EA2F5}"
EndProject
Project("{2150E333-8FDC-42A3-9474-1A3956D46DE8}") = "Extensions", "Extensions", "{76D9D990-E4B3-4C66-8EAC-F923DBC54236}"
EndProject
Project("{2150E333-8FDC-42A3-9474-1A3956D46DE8}") = "Providers", "Providers", "{E095807A-E883-433D-88D9-4F6EA3A7379C}"
EndProject
Project("{2150E333-8FDC-42A3-9474-1A3956D46DE8}") = "Security", "Security", "{06C3FD59-5CF2-477E-AF01-672BE171A718}"
EndProject
Project("{2150E333-8FDC-42A3-9474-1A3956D46DE8}") = "Server", "Server", "{6F0FBAB5-4EEE-40AD-AFB4-F9CBE8B4E179}"
EndProject
Project("{2150E333-8FDC-42A3-9474-1A3956D46DE8}") = "Extensions", "Extensions", "{0A88C2B7-D95C-41E5-89F3-BC87691C5C86}"
EndProject
Project("{9A19103F-16F7-4668-BE54-9A1E7A4F7556}") = "OpenTibia.Server", "OpenTibia.Server\OpenTibia.Server.csproj", "{89E6F364-9BED-40CA-A579-4E324C33D1D2}"
EndProject
Project("{9A19103F-16F7-4668-BE54-9A1E7A4F7556}") = "OpenTibia.Server.Parsing", "OpenTibia.Server.Parsing\OpenTibia.Server.Parsing.csproj", "{F57DD5C1-FD2F-4DDD-AFB1-B49E39C13D9F}"
EndProject
Project("{9A19103F-16F7-4668-BE54-9A1E7A4F7556}") = "OpenTibia.Server.Parsing.Gammar", "OpenTibia.Server.Parsing.Gammar\OpenTibia.Server.Parsing.Gammar.csproj", "{32696458-9393-42FC-9881-78FABDA310A1}"
EndProject
Project("{9A19103F-16F7-4668-BE54-9A1E7A4F7556}") = "OpenTibia.Server.Parsing.Contracts", "OpenTibia.Server.Parsing.Contracts\OpenTibia.Server.Parsing.Contracts.csproj", "{9284A5C2-8CF5-4F88-8BCA-E1C8AFA7E8D0}"
EndProject
Global
	GlobalSection(SolutionConfigurationPlatforms) = preSolution
		Debug|Any CPU = Debug|Any CPU
		Debug|x64 = Debug|x64
		Release|Any CPU = Release|Any CPU
		Release|x64 = Release|x64
	EndGlobalSection
	GlobalSection(ProjectConfigurationPlatforms) = postSolution
		{09C8B3A3-0032-484A-82A7-22ED12E5F230}.Debug|Any CPU.ActiveCfg = Debug|Any CPU
		{09C8B3A3-0032-484A-82A7-22ED12E5F230}.Debug|Any CPU.Build.0 = Debug|Any CPU
		{09C8B3A3-0032-484A-82A7-22ED12E5F230}.Debug|x64.ActiveCfg = Debug|Any CPU
		{09C8B3A3-0032-484A-82A7-22ED12E5F230}.Debug|x64.Build.0 = Debug|Any CPU
		{09C8B3A3-0032-484A-82A7-22ED12E5F230}.Release|Any CPU.ActiveCfg = Release|Any CPU
		{09C8B3A3-0032-484A-82A7-22ED12E5F230}.Release|Any CPU.Build.0 = Release|Any CPU
		{09C8B3A3-0032-484A-82A7-22ED12E5F230}.Release|x64.ActiveCfg = Release|Any CPU
		{09C8B3A3-0032-484A-82A7-22ED12E5F230}.Release|x64.Build.0 = Release|Any CPU
		{19F8C588-045E-4053-9A40-61FFEEA558E5}.Debug|Any CPU.ActiveCfg = Debug|Any CPU
		{19F8C588-045E-4053-9A40-61FFEEA558E5}.Debug|Any CPU.Build.0 = Debug|Any CPU
		{19F8C588-045E-4053-9A40-61FFEEA558E5}.Debug|x64.ActiveCfg = Debug|Any CPU
		{19F8C588-045E-4053-9A40-61FFEEA558E5}.Debug|x64.Build.0 = Debug|Any CPU
		{19F8C588-045E-4053-9A40-61FFEEA558E5}.Release|Any CPU.ActiveCfg = Release|Any CPU
		{19F8C588-045E-4053-9A40-61FFEEA558E5}.Release|Any CPU.Build.0 = Release|Any CPU
		{19F8C588-045E-4053-9A40-61FFEEA558E5}.Release|x64.ActiveCfg = Release|Any CPU
		{19F8C588-045E-4053-9A40-61FFEEA558E5}.Release|x64.Build.0 = Release|Any CPU
		{922B02E2-D172-4082-821D-71793BF831C7}.Debug|Any CPU.ActiveCfg = Debug|Any CPU
		{922B02E2-D172-4082-821D-71793BF831C7}.Debug|Any CPU.Build.0 = Debug|Any CPU
		{922B02E2-D172-4082-821D-71793BF831C7}.Debug|x64.ActiveCfg = Debug|Any CPU
		{922B02E2-D172-4082-821D-71793BF831C7}.Debug|x64.Build.0 = Debug|Any CPU
		{922B02E2-D172-4082-821D-71793BF831C7}.Release|Any CPU.ActiveCfg = Release|Any CPU
		{922B02E2-D172-4082-821D-71793BF831C7}.Release|Any CPU.Build.0 = Release|Any CPU
		{922B02E2-D172-4082-821D-71793BF831C7}.Release|x64.ActiveCfg = Release|Any CPU
		{922B02E2-D172-4082-821D-71793BF831C7}.Release|x64.Build.0 = Release|Any CPU
		{73FABC59-E6D9-416A-AB4F-520628CC057B}.Debug|Any CPU.ActiveCfg = Debug|Any CPU
		{73FABC59-E6D9-416A-AB4F-520628CC057B}.Debug|Any CPU.Build.0 = Debug|Any CPU
		{73FABC59-E6D9-416A-AB4F-520628CC057B}.Debug|x64.ActiveCfg = Debug|Any CPU
		{73FABC59-E6D9-416A-AB4F-520628CC057B}.Debug|x64.Build.0 = Debug|Any CPU
		{73FABC59-E6D9-416A-AB4F-520628CC057B}.Release|Any CPU.ActiveCfg = Release|Any CPU
		{73FABC59-E6D9-416A-AB4F-520628CC057B}.Release|Any CPU.Build.0 = Release|Any CPU
		{73FABC59-E6D9-416A-AB4F-520628CC057B}.Release|x64.ActiveCfg = Release|Any CPU
		{73FABC59-E6D9-416A-AB4F-520628CC057B}.Release|x64.Build.0 = Release|Any CPU
		{EDE7092D-6788-4FCC-8D55-5D2D46EDF8F0}.Debug|Any CPU.ActiveCfg = Debug|Any CPU
		{EDE7092D-6788-4FCC-8D55-5D2D46EDF8F0}.Debug|Any CPU.Build.0 = Debug|Any CPU
		{EDE7092D-6788-4FCC-8D55-5D2D46EDF8F0}.Debug|x64.ActiveCfg = Debug|Any CPU
		{EDE7092D-6788-4FCC-8D55-5D2D46EDF8F0}.Debug|x64.Build.0 = Debug|Any CPU
		{EDE7092D-6788-4FCC-8D55-5D2D46EDF8F0}.Release|Any CPU.ActiveCfg = Release|Any CPU
		{EDE7092D-6788-4FCC-8D55-5D2D46EDF8F0}.Release|Any CPU.Build.0 = Release|Any CPU
		{EDE7092D-6788-4FCC-8D55-5D2D46EDF8F0}.Release|x64.ActiveCfg = Release|Any CPU
		{EDE7092D-6788-4FCC-8D55-5D2D46EDF8F0}.Release|x64.Build.0 = Release|Any CPU
		{AE67C7E5-3F59-4DAA-ADB2-000E42F1A4FA}.Debug|Any CPU.ActiveCfg = Debug|Any CPU
		{AE67C7E5-3F59-4DAA-ADB2-000E42F1A4FA}.Debug|Any CPU.Build.0 = Debug|Any CPU
		{AE67C7E5-3F59-4DAA-ADB2-000E42F1A4FA}.Debug|x64.ActiveCfg = Debug|Any CPU
		{AE67C7E5-3F59-4DAA-ADB2-000E42F1A4FA}.Debug|x64.Build.0 = Debug|Any CPU
		{AE67C7E5-3F59-4DAA-ADB2-000E42F1A4FA}.Release|Any CPU.ActiveCfg = Release|Any CPU
		{AE67C7E5-3F59-4DAA-ADB2-000E42F1A4FA}.Release|Any CPU.Build.0 = Release|Any CPU
		{AE67C7E5-3F59-4DAA-ADB2-000E42F1A4FA}.Release|x64.ActiveCfg = Release|Any CPU
		{AE67C7E5-3F59-4DAA-ADB2-000E42F1A4FA}.Release|x64.Build.0 = Release|Any CPU
		{289C8080-E76F-498A-A62F-01C859BC89C3}.Debug|Any CPU.ActiveCfg = Debug|Any CPU
		{289C8080-E76F-498A-A62F-01C859BC89C3}.Debug|Any CPU.Build.0 = Debug|Any CPU
		{289C8080-E76F-498A-A62F-01C859BC89C3}.Debug|x64.ActiveCfg = Debug|Any CPU
		{289C8080-E76F-498A-A62F-01C859BC89C3}.Debug|x64.Build.0 = Debug|Any CPU
		{289C8080-E76F-498A-A62F-01C859BC89C3}.Release|Any CPU.ActiveCfg = Release|Any CPU
		{289C8080-E76F-498A-A62F-01C859BC89C3}.Release|Any CPU.Build.0 = Release|Any CPU
		{289C8080-E76F-498A-A62F-01C859BC89C3}.Release|x64.ActiveCfg = Release|Any CPU
		{289C8080-E76F-498A-A62F-01C859BC89C3}.Release|x64.Build.0 = Release|Any CPU
		{6F5916A2-E764-4A3F-A1DC-5F23406C98E6}.Debug|Any CPU.ActiveCfg = Debug|Any CPU
		{6F5916A2-E764-4A3F-A1DC-5F23406C98E6}.Debug|Any CPU.Build.0 = Debug|Any CPU
		{6F5916A2-E764-4A3F-A1DC-5F23406C98E6}.Debug|x64.ActiveCfg = Debug|Any CPU
		{6F5916A2-E764-4A3F-A1DC-5F23406C98E6}.Debug|x64.Build.0 = Debug|Any CPU
		{6F5916A2-E764-4A3F-A1DC-5F23406C98E6}.Release|Any CPU.ActiveCfg = Release|Any CPU
		{6F5916A2-E764-4A3F-A1DC-5F23406C98E6}.Release|Any CPU.Build.0 = Release|Any CPU
		{6F5916A2-E764-4A3F-A1DC-5F23406C98E6}.Release|x64.ActiveCfg = Release|Any CPU
		{6F5916A2-E764-4A3F-A1DC-5F23406C98E6}.Release|x64.Build.0 = Release|Any CPU
		{62AFA1F8-A5F7-4701-A350-4D84B105A1B0}.Debug|Any CPU.ActiveCfg = Debug|Any CPU
		{62AFA1F8-A5F7-4701-A350-4D84B105A1B0}.Debug|Any CPU.Build.0 = Debug|Any CPU
		{62AFA1F8-A5F7-4701-A350-4D84B105A1B0}.Debug|x64.ActiveCfg = Debug|Any CPU
		{62AFA1F8-A5F7-4701-A350-4D84B105A1B0}.Debug|x64.Build.0 = Debug|Any CPU
		{62AFA1F8-A5F7-4701-A350-4D84B105A1B0}.Release|Any CPU.ActiveCfg = Release|Any CPU
		{62AFA1F8-A5F7-4701-A350-4D84B105A1B0}.Release|Any CPU.Build.0 = Release|Any CPU
		{62AFA1F8-A5F7-4701-A350-4D84B105A1B0}.Release|x64.ActiveCfg = Release|Any CPU
		{62AFA1F8-A5F7-4701-A350-4D84B105A1B0}.Release|x64.Build.0 = Release|Any CPU
		{5FDD525B-5B02-4D64-880A-92A149177381}.Debug|Any CPU.ActiveCfg = Debug|Any CPU
		{5FDD525B-5B02-4D64-880A-92A149177381}.Debug|Any CPU.Build.0 = Debug|Any CPU
		{5FDD525B-5B02-4D64-880A-92A149177381}.Debug|x64.ActiveCfg = Debug|Any CPU
		{5FDD525B-5B02-4D64-880A-92A149177381}.Debug|x64.Build.0 = Debug|Any CPU
		{5FDD525B-5B02-4D64-880A-92A149177381}.Release|Any CPU.ActiveCfg = Release|Any CPU
		{5FDD525B-5B02-4D64-880A-92A149177381}.Release|Any CPU.Build.0 = Release|Any CPU
		{5FDD525B-5B02-4D64-880A-92A149177381}.Release|x64.ActiveCfg = Release|Any CPU
		{5FDD525B-5B02-4D64-880A-92A149177381}.Release|x64.Build.0 = Release|Any CPU
		{1EB8C142-23D1-4156-A84F-01116AB202C3}.Debug|Any CPU.ActiveCfg = Debug|Any CPU
		{1EB8C142-23D1-4156-A84F-01116AB202C3}.Debug|Any CPU.Build.0 = Debug|Any CPU
		{1EB8C142-23D1-4156-A84F-01116AB202C3}.Debug|x64.ActiveCfg = Debug|Any CPU
		{1EB8C142-23D1-4156-A84F-01116AB202C3}.Debug|x64.Build.0 = Debug|Any CPU
		{1EB8C142-23D1-4156-A84F-01116AB202C3}.Release|Any CPU.ActiveCfg = Release|Any CPU
		{1EB8C142-23D1-4156-A84F-01116AB202C3}.Release|Any CPU.Build.0 = Release|Any CPU
		{1EB8C142-23D1-4156-A84F-01116AB202C3}.Release|x64.ActiveCfg = Release|Any CPU
		{1EB8C142-23D1-4156-A84F-01116AB202C3}.Release|x64.Build.0 = Release|Any CPU
		{1E6A45AE-7884-476F-8E6F-BF1791405C2C}.Debug|Any CPU.ActiveCfg = Debug|Any CPU
		{1E6A45AE-7884-476F-8E6F-BF1791405C2C}.Debug|Any CPU.Build.0 = Debug|Any CPU
		{1E6A45AE-7884-476F-8E6F-BF1791405C2C}.Debug|x64.ActiveCfg = Debug|Any CPU
		{1E6A45AE-7884-476F-8E6F-BF1791405C2C}.Debug|x64.Build.0 = Debug|Any CPU
		{1E6A45AE-7884-476F-8E6F-BF1791405C2C}.Release|Any CPU.ActiveCfg = Release|Any CPU
		{1E6A45AE-7884-476F-8E6F-BF1791405C2C}.Release|Any CPU.Build.0 = Release|Any CPU
		{1E6A45AE-7884-476F-8E6F-BF1791405C2C}.Release|x64.ActiveCfg = Release|Any CPU
		{1E6A45AE-7884-476F-8E6F-BF1791405C2C}.Release|x64.Build.0 = Release|Any CPU
		{553DF016-2FA2-4B8D-8379-9C8C02107831}.Debug|Any CPU.ActiveCfg = Debug|Any CPU
		{553DF016-2FA2-4B8D-8379-9C8C02107831}.Debug|Any CPU.Build.0 = Debug|Any CPU
		{553DF016-2FA2-4B8D-8379-9C8C02107831}.Debug|x64.ActiveCfg = Debug|Any CPU
		{553DF016-2FA2-4B8D-8379-9C8C02107831}.Debug|x64.Build.0 = Debug|Any CPU
		{553DF016-2FA2-4B8D-8379-9C8C02107831}.Release|Any CPU.ActiveCfg = Release|Any CPU
		{553DF016-2FA2-4B8D-8379-9C8C02107831}.Release|Any CPU.Build.0 = Release|Any CPU
		{553DF016-2FA2-4B8D-8379-9C8C02107831}.Release|x64.ActiveCfg = Release|Any CPU
		{553DF016-2FA2-4B8D-8379-9C8C02107831}.Release|x64.Build.0 = Release|Any CPU
		{3D7E2298-3DC6-4609-8FD9-A2759BCF7A23}.Debug|Any CPU.ActiveCfg = Debug|Any CPU
		{3D7E2298-3DC6-4609-8FD9-A2759BCF7A23}.Debug|Any CPU.Build.0 = Debug|Any CPU
		{3D7E2298-3DC6-4609-8FD9-A2759BCF7A23}.Debug|x64.ActiveCfg = Debug|Any CPU
		{3D7E2298-3DC6-4609-8FD9-A2759BCF7A23}.Debug|x64.Build.0 = Debug|Any CPU
		{3D7E2298-3DC6-4609-8FD9-A2759BCF7A23}.Release|Any CPU.ActiveCfg = Release|Any CPU
		{3D7E2298-3DC6-4609-8FD9-A2759BCF7A23}.Release|Any CPU.Build.0 = Release|Any CPU
		{3D7E2298-3DC6-4609-8FD9-A2759BCF7A23}.Release|x64.ActiveCfg = Release|Any CPU
		{3D7E2298-3DC6-4609-8FD9-A2759BCF7A23}.Release|x64.Build.0 = Release|Any CPU
		{46F01E7E-8708-4485-95A1-A19F65DC1168}.Debug|Any CPU.ActiveCfg = Debug|Any CPU
		{46F01E7E-8708-4485-95A1-A19F65DC1168}.Debug|Any CPU.Build.0 = Debug|Any CPU
		{46F01E7E-8708-4485-95A1-A19F65DC1168}.Debug|x64.ActiveCfg = Debug|Any CPU
		{46F01E7E-8708-4485-95A1-A19F65DC1168}.Debug|x64.Build.0 = Debug|Any CPU
		{46F01E7E-8708-4485-95A1-A19F65DC1168}.Release|Any CPU.ActiveCfg = Release|Any CPU
		{46F01E7E-8708-4485-95A1-A19F65DC1168}.Release|Any CPU.Build.0 = Release|Any CPU
		{46F01E7E-8708-4485-95A1-A19F65DC1168}.Release|x64.ActiveCfg = Release|Any CPU
		{46F01E7E-8708-4485-95A1-A19F65DC1168}.Release|x64.Build.0 = Release|Any CPU
		{86F4E26C-D3AC-4F48-8413-DE7EF52827C4}.Debug|Any CPU.ActiveCfg = Debug|Any CPU
		{86F4E26C-D3AC-4F48-8413-DE7EF52827C4}.Debug|Any CPU.Build.0 = Debug|Any CPU
		{86F4E26C-D3AC-4F48-8413-DE7EF52827C4}.Debug|x64.ActiveCfg = Debug|Any CPU
		{86F4E26C-D3AC-4F48-8413-DE7EF52827C4}.Debug|x64.Build.0 = Debug|Any CPU
		{86F4E26C-D3AC-4F48-8413-DE7EF52827C4}.Release|Any CPU.ActiveCfg = Release|Any CPU
		{86F4E26C-D3AC-4F48-8413-DE7EF52827C4}.Release|Any CPU.Build.0 = Release|Any CPU
		{86F4E26C-D3AC-4F48-8413-DE7EF52827C4}.Release|x64.ActiveCfg = Release|Any CPU
		{86F4E26C-D3AC-4F48-8413-DE7EF52827C4}.Release|x64.Build.0 = Release|Any CPU
		{78F0FDCF-AC41-4FFF-A0D1-58D1CA0E29A1}.Debug|Any CPU.ActiveCfg = Debug|Any CPU
		{78F0FDCF-AC41-4FFF-A0D1-58D1CA0E29A1}.Debug|Any CPU.Build.0 = Debug|Any CPU
		{78F0FDCF-AC41-4FFF-A0D1-58D1CA0E29A1}.Debug|x64.ActiveCfg = Debug|Any CPU
		{78F0FDCF-AC41-4FFF-A0D1-58D1CA0E29A1}.Debug|x64.Build.0 = Debug|Any CPU
		{78F0FDCF-AC41-4FFF-A0D1-58D1CA0E29A1}.Release|Any CPU.ActiveCfg = Release|Any CPU
		{78F0FDCF-AC41-4FFF-A0D1-58D1CA0E29A1}.Release|Any CPU.Build.0 = Release|Any CPU
		{78F0FDCF-AC41-4FFF-A0D1-58D1CA0E29A1}.Release|x64.ActiveCfg = Release|Any CPU
		{78F0FDCF-AC41-4FFF-A0D1-58D1CA0E29A1}.Release|x64.Build.0 = Release|Any CPU
		{E76AC9C3-4074-4ED4-A680-4FC1F11ACA18}.Debug|Any CPU.ActiveCfg = Debug|Any CPU
		{E76AC9C3-4074-4ED4-A680-4FC1F11ACA18}.Debug|Any CPU.Build.0 = Debug|Any CPU
		{E76AC9C3-4074-4ED4-A680-4FC1F11ACA18}.Debug|x64.ActiveCfg = Debug|Any CPU
		{E76AC9C3-4074-4ED4-A680-4FC1F11ACA18}.Debug|x64.Build.0 = Debug|Any CPU
		{E76AC9C3-4074-4ED4-A680-4FC1F11ACA18}.Release|Any CPU.ActiveCfg = Release|Any CPU
		{E76AC9C3-4074-4ED4-A680-4FC1F11ACA18}.Release|Any CPU.Build.0 = Release|Any CPU
		{E76AC9C3-4074-4ED4-A680-4FC1F11ACA18}.Release|x64.ActiveCfg = Release|Any CPU
		{E76AC9C3-4074-4ED4-A680-4FC1F11ACA18}.Release|x64.Build.0 = Release|Any CPU
		{AF939F39-5C19-4DDF-8FBC-A62391243849}.Debug|Any CPU.ActiveCfg = Debug|Any CPU
		{AF939F39-5C19-4DDF-8FBC-A62391243849}.Debug|Any CPU.Build.0 = Debug|Any CPU
		{AF939F39-5C19-4DDF-8FBC-A62391243849}.Debug|x64.ActiveCfg = Debug|Any CPU
		{AF939F39-5C19-4DDF-8FBC-A62391243849}.Debug|x64.Build.0 = Debug|Any CPU
		{AF939F39-5C19-4DDF-8FBC-A62391243849}.Release|Any CPU.ActiveCfg = Release|Any CPU
		{AF939F39-5C19-4DDF-8FBC-A62391243849}.Release|Any CPU.Build.0 = Release|Any CPU
		{AF939F39-5C19-4DDF-8FBC-A62391243849}.Release|x64.ActiveCfg = Release|Any CPU
		{AF939F39-5C19-4DDF-8FBC-A62391243849}.Release|x64.Build.0 = Release|Any CPU
		{490C7663-7C2C-452D-AB66-D80EE2C644A9}.Debug|Any CPU.ActiveCfg = Debug|Any CPU
		{490C7663-7C2C-452D-AB66-D80EE2C644A9}.Debug|Any CPU.Build.0 = Debug|Any CPU
		{490C7663-7C2C-452D-AB66-D80EE2C644A9}.Debug|x64.ActiveCfg = Debug|x64
		{490C7663-7C2C-452D-AB66-D80EE2C644A9}.Debug|x64.Build.0 = Debug|x64
		{490C7663-7C2C-452D-AB66-D80EE2C644A9}.Release|Any CPU.ActiveCfg = Release|Any CPU
		{490C7663-7C2C-452D-AB66-D80EE2C644A9}.Release|Any CPU.Build.0 = Release|Any CPU
		{490C7663-7C2C-452D-AB66-D80EE2C644A9}.Release|x64.ActiveCfg = Release|x64
		{490C7663-7C2C-452D-AB66-D80EE2C644A9}.Release|x64.Build.0 = Release|x64
		{D14C3A00-23F0-4ADF-ABBA-1B6D466704EE}.Debug|Any CPU.ActiveCfg = Debug|Any CPU
		{D14C3A00-23F0-4ADF-ABBA-1B6D466704EE}.Debug|Any CPU.Build.0 = Debug|Any CPU
		{D14C3A00-23F0-4ADF-ABBA-1B6D466704EE}.Debug|x64.ActiveCfg = Debug|x64
		{D14C3A00-23F0-4ADF-ABBA-1B6D466704EE}.Debug|x64.Build.0 = Debug|x64
		{D14C3A00-23F0-4ADF-ABBA-1B6D466704EE}.Release|Any CPU.ActiveCfg = Release|Any CPU
		{D14C3A00-23F0-4ADF-ABBA-1B6D466704EE}.Release|Any CPU.Build.0 = Release|Any CPU
		{D14C3A00-23F0-4ADF-ABBA-1B6D466704EE}.Release|x64.ActiveCfg = Release|x64
		{D14C3A00-23F0-4ADF-ABBA-1B6D466704EE}.Release|x64.Build.0 = Release|x64
		{0690D42E-046E-4283-87CC-357E230DCBF3}.Debug|Any CPU.ActiveCfg = Debug|Any CPU
		{0690D42E-046E-4283-87CC-357E230DCBF3}.Debug|Any CPU.Build.0 = Debug|Any CPU
		{0690D42E-046E-4283-87CC-357E230DCBF3}.Debug|x64.ActiveCfg = Debug|Any CPU
		{0690D42E-046E-4283-87CC-357E230DCBF3}.Debug|x64.Build.0 = Debug|Any CPU
		{0690D42E-046E-4283-87CC-357E230DCBF3}.Release|Any CPU.ActiveCfg = Release|Any CPU
		{0690D42E-046E-4283-87CC-357E230DCBF3}.Release|Any CPU.Build.0 = Release|Any CPU
		{0690D42E-046E-4283-87CC-357E230DCBF3}.Release|x64.ActiveCfg = Release|Any CPU
		{0690D42E-046E-4283-87CC-357E230DCBF3}.Release|x64.Build.0 = Release|Any CPU
		{1DDA0EA7-6556-4D69-9527-150212ABC359}.Debug|Any CPU.ActiveCfg = Debug|Any CPU
		{1DDA0EA7-6556-4D69-9527-150212ABC359}.Debug|Any CPU.Build.0 = Debug|Any CPU
		{1DDA0EA7-6556-4D69-9527-150212ABC359}.Debug|x64.ActiveCfg = Debug|Any CPU
		{1DDA0EA7-6556-4D69-9527-150212ABC359}.Debug|x64.Build.0 = Debug|Any CPU
		{1DDA0EA7-6556-4D69-9527-150212ABC359}.Release|Any CPU.ActiveCfg = Release|Any CPU
		{1DDA0EA7-6556-4D69-9527-150212ABC359}.Release|Any CPU.Build.0 = Release|Any CPU
		{1DDA0EA7-6556-4D69-9527-150212ABC359}.Release|x64.ActiveCfg = Release|Any CPU
		{1DDA0EA7-6556-4D69-9527-150212ABC359}.Release|x64.Build.0 = Release|Any CPU
		{3CE9F8B7-2241-45B5-B195-3074192B441C}.Debug|Any CPU.ActiveCfg = Debug|Any CPU
		{3CE9F8B7-2241-45B5-B195-3074192B441C}.Debug|Any CPU.Build.0 = Debug|Any CPU
		{3CE9F8B7-2241-45B5-B195-3074192B441C}.Debug|x64.ActiveCfg = Debug|Any CPU
		{3CE9F8B7-2241-45B5-B195-3074192B441C}.Debug|x64.Build.0 = Debug|Any CPU
		{3CE9F8B7-2241-45B5-B195-3074192B441C}.Release|Any CPU.ActiveCfg = Release|Any CPU
		{3CE9F8B7-2241-45B5-B195-3074192B441C}.Release|Any CPU.Build.0 = Release|Any CPU
		{3CE9F8B7-2241-45B5-B195-3074192B441C}.Release|x64.ActiveCfg = Release|Any CPU
		{3CE9F8B7-2241-45B5-B195-3074192B441C}.Release|x64.Build.0 = Release|Any CPU
		{89E6F364-9BED-40CA-A579-4E324C33D1D2}.Debug|Any CPU.ActiveCfg = Debug|Any CPU
		{89E6F364-9BED-40CA-A579-4E324C33D1D2}.Debug|Any CPU.Build.0 = Debug|Any CPU
		{89E6F364-9BED-40CA-A579-4E324C33D1D2}.Debug|x64.ActiveCfg = Debug|Any CPU
		{89E6F364-9BED-40CA-A579-4E324C33D1D2}.Debug|x64.Build.0 = Debug|Any CPU
		{89E6F364-9BED-40CA-A579-4E324C33D1D2}.Release|Any CPU.ActiveCfg = Release|Any CPU
		{89E6F364-9BED-40CA-A579-4E324C33D1D2}.Release|Any CPU.Build.0 = Release|Any CPU
		{89E6F364-9BED-40CA-A579-4E324C33D1D2}.Release|x64.ActiveCfg = Release|Any CPU
		{89E6F364-9BED-40CA-A579-4E324C33D1D2}.Release|x64.Build.0 = Release|Any CPU
		{F57DD5C1-FD2F-4DDD-AFB1-B49E39C13D9F}.Debug|Any CPU.ActiveCfg = Debug|Any CPU
		{F57DD5C1-FD2F-4DDD-AFB1-B49E39C13D9F}.Debug|Any CPU.Build.0 = Debug|Any CPU
		{F57DD5C1-FD2F-4DDD-AFB1-B49E39C13D9F}.Debug|x64.ActiveCfg = Debug|Any CPU
		{F57DD5C1-FD2F-4DDD-AFB1-B49E39C13D9F}.Debug|x64.Build.0 = Debug|Any CPU
		{F57DD5C1-FD2F-4DDD-AFB1-B49E39C13D9F}.Release|Any CPU.ActiveCfg = Release|Any CPU
		{F57DD5C1-FD2F-4DDD-AFB1-B49E39C13D9F}.Release|Any CPU.Build.0 = Release|Any CPU
		{F57DD5C1-FD2F-4DDD-AFB1-B49E39C13D9F}.Release|x64.ActiveCfg = Release|Any CPU
		{F57DD5C1-FD2F-4DDD-AFB1-B49E39C13D9F}.Release|x64.Build.0 = Release|Any CPU
		{32696458-9393-42FC-9881-78FABDA310A1}.Debug|Any CPU.ActiveCfg = Debug|Any CPU
		{32696458-9393-42FC-9881-78FABDA310A1}.Debug|Any CPU.Build.0 = Debug|Any CPU
		{32696458-9393-42FC-9881-78FABDA310A1}.Debug|x64.ActiveCfg = Debug|Any CPU
		{32696458-9393-42FC-9881-78FABDA310A1}.Debug|x64.Build.0 = Debug|Any CPU
		{32696458-9393-42FC-9881-78FABDA310A1}.Release|Any CPU.ActiveCfg = Release|Any CPU
		{32696458-9393-42FC-9881-78FABDA310A1}.Release|Any CPU.Build.0 = Release|Any CPU
		{32696458-9393-42FC-9881-78FABDA310A1}.Release|x64.ActiveCfg = Release|Any CPU
		{32696458-9393-42FC-9881-78FABDA310A1}.Release|x64.Build.0 = Release|Any CPU
		{9284A5C2-8CF5-4F88-8BCA-E1C8AFA7E8D0}.Debug|Any CPU.ActiveCfg = Debug|Any CPU
		{9284A5C2-8CF5-4F88-8BCA-E1C8AFA7E8D0}.Debug|Any CPU.Build.0 = Debug|Any CPU
		{9284A5C2-8CF5-4F88-8BCA-E1C8AFA7E8D0}.Debug|x64.ActiveCfg = Debug|Any CPU
		{9284A5C2-8CF5-4F88-8BCA-E1C8AFA7E8D0}.Debug|x64.Build.0 = Debug|Any CPU
		{9284A5C2-8CF5-4F88-8BCA-E1C8AFA7E8D0}.Release|Any CPU.ActiveCfg = Release|Any CPU
		{9284A5C2-8CF5-4F88-8BCA-E1C8AFA7E8D0}.Release|Any CPU.Build.0 = Release|Any CPU
		{9284A5C2-8CF5-4F88-8BCA-E1C8AFA7E8D0}.Release|x64.ActiveCfg = Release|Any CPU
		{9284A5C2-8CF5-4F88-8BCA-E1C8AFA7E8D0}.Release|x64.Build.0 = Release|Any CPU
	EndGlobalSection
	GlobalSection(SolutionProperties) = preSolution
		HideSolutionNode = FALSE
	EndGlobalSection
	GlobalSection(NestedProjects) = preSolution
		{19F8C588-045E-4053-9A40-61FFEEA558E5} = {934014F9-3587-4A72-8CE2-D290390EA2F5}
		{922B02E2-D172-4082-821D-71793BF831C7} = {934014F9-3587-4A72-8CE2-D290390EA2F5}
		{73FABC59-E6D9-416A-AB4F-520628CC057B} = {934014F9-3587-4A72-8CE2-D290390EA2F5}
		{EDE7092D-6788-4FCC-8D55-5D2D46EDF8F0} = {4CA2ED01-2917-4C5F-84B2-49771516CE9A}
		{AE67C7E5-3F59-4DAA-ADB2-000E42F1A4FA} = {E14AD76A-05D8-4760-958F-E05C40F5F20E}
		{289C8080-E76F-498A-A62F-01C859BC89C3} = {E14AD76A-05D8-4760-958F-E05C40F5F20E}
		{6F5916A2-E764-4A3F-A1DC-5F23406C98E6} = {06C3FD59-5CF2-477E-AF01-672BE171A718}
		{62AFA1F8-A5F7-4701-A350-4D84B105A1B0} = {06C3FD59-5CF2-477E-AF01-672BE171A718}
		{5FDD525B-5B02-4D64-880A-92A149177381} = {4CA2ED01-2917-4C5F-84B2-49771516CE9A}
		{1EB8C142-23D1-4156-A84F-01116AB202C3} = {6F0FBAB5-4EEE-40AD-AFB4-F9CBE8B4E179}
		{1E6A45AE-7884-476F-8E6F-BF1791405C2C} = {E14AD76A-05D8-4760-958F-E05C40F5F20E}
		{553DF016-2FA2-4B8D-8379-9C8C02107831} = {E14AD76A-05D8-4760-958F-E05C40F5F20E}
		{3D7E2298-3DC6-4609-8FD9-A2759BCF7A23} = {E14AD76A-05D8-4760-958F-E05C40F5F20E}
		{46F01E7E-8708-4485-95A1-A19F65DC1168} = {58A9E552-B0E0-4CF8-9DD0-4CD794CD69F5}
		{86F4E26C-D3AC-4F48-8413-DE7EF52827C4} = {58A9E552-B0E0-4CF8-9DD0-4CD794CD69F5}
		{78F0FDCF-AC41-4FFF-A0D1-58D1CA0E29A1} = {58A9E552-B0E0-4CF8-9DD0-4CD794CD69F5}
		{E76AC9C3-4074-4ED4-A680-4FC1F11ACA18} = {58A9E552-B0E0-4CF8-9DD0-4CD794CD69F5}
		{AF939F39-5C19-4DDF-8FBC-A62391243849} = {58A9E552-B0E0-4CF8-9DD0-4CD794CD69F5}
		{490C7663-7C2C-452D-AB66-D80EE2C644A9} = {76D9D990-E4B3-4C66-8EAC-F923DBC54236}
		{D14C3A00-23F0-4ADF-ABBA-1B6D466704EE} = {E095807A-E883-433D-88D9-4F6EA3A7379C}
		{0690D42E-046E-4283-87CC-357E230DCBF3} = {0A88C2B7-D95C-41E5-89F3-BC87691C5C86}
		{1DDA0EA7-6556-4D69-9527-150212ABC359} = {4CA2ED01-2917-4C5F-84B2-49771516CE9A}
		{3CE9F8B7-2241-45B5-B195-3074192B441C} = {4CA2ED01-2917-4C5F-84B2-49771516CE9A}
		{76D9D990-E4B3-4C66-8EAC-F923DBC54236} = {E095807A-E883-433D-88D9-4F6EA3A7379C}
		{0A88C2B7-D95C-41E5-89F3-BC87691C5C86} = {58A9E552-B0E0-4CF8-9DD0-4CD794CD69F5}
		{89E6F364-9BED-40CA-A579-4E324C33D1D2} = {6F0FBAB5-4EEE-40AD-AFB4-F9CBE8B4E179}
	EndGlobalSection
	GlobalSection(ExtensibilityGlobals) = postSolution
		SolutionGuid = {4198A479-8EF8-4C3D-BCC7-702B747E6EE4}
	EndGlobalSection
EndGlobal
