
Microsoft Visual Studio Solution File, Format Version 12.00
# Visual Studio Version 16
VisualStudioVersion = 16.0.29306.81
MinimumVisualStudioVersion = 10.0.40219.1
Project("{9A19103F-16F7-4668-BE54-9A1E7A4F7556}") = "OpenTibia.Server.Standalone", "OpenTibia.Server.Standalone\OpenTibia.Server.Standalone.csproj", "{09C8B3A3-0032-484A-82A7-22ED12E5F230}"
EndProject
Global
	GlobalSection(SolutionConfigurationPlatforms) = preSolution
		Debug|Any CPU = Debug|Any CPU
		Release|Any CPU = Release|Any CPU
	EndGlobalSection
	GlobalSection(ProjectConfigurationPlatforms) = postSolution
		{09C8B3A3-0032-484A-82A7-22ED12E5F230}.Debug|Any CPU.ActiveCfg = Debug|Any CPU
		{09C8B3A3-0032-484A-82A7-22ED12E5F230}.Debug|Any CPU.Build.0 = Debug|Any CPU
		{09C8B3A3-0032-484A-82A7-22ED12E5F230}.Release|Any CPU.ActiveCfg = Release|Any CPU
		{09C8B3A3-0032-484A-82A7-22ED12E5F230}.Release|Any CPU.Build.0 = Release|Any CPU
	EndGlobalSection
	GlobalSection(SolutionProperties) = preSolution
		HideSolutionNode = FALSE
	EndGlobalSection
	GlobalSection(ExtensibilityGlobals) = postSolution
		SolutionGuid = {4198A479-8EF8-4C3D-BCC7-702B747E6EE4}
	EndGlobalSection
EndGlobal
